// !$*UTF8*$!
{
	archiveVersion = 1;
	classes = {
	};
	objectVersion = 51;
	objects = {

/* Begin PBXBuildFile section */
		0B245441C9A933919B6CAAA0 /* Pods_Wheather.framework in Frameworks */ = {isa = PBXBuildFile; fileRef = 622FBF1E00FD7B3F77FA3137 /* Pods_Wheather.framework */; };
		15A109885A96B4A5C112FDB1 /* WeatherModuleViewInput.swift in Sources */ = {isa = PBXBuildFile; fileRef = 6787AD7E1D58AEDA7F454014 /* WeatherModuleViewInput.swift */; };
		2B45D232E0451040DA1CD3A0 /* WeatherModuleInitializer.swift in Sources */ = {isa = PBXBuildFile; fileRef = 77BBB92F1D613517D0B99E68 /* WeatherModuleInitializer.swift */; };
		2BCF4CB66E92EB6A9AAB926B /* WeatherModuleRouterInput.swift in Sources */ = {isa = PBXBuildFile; fileRef = 3693F32899D1BE7B282BEFF2 /* WeatherModuleRouterInput.swift */; };
		30C5244267F96EC5C7140AF1 /* WeatherModuleInteractorInput.swift in Sources */ = {isa = PBXBuildFile; fileRef = ACECFA8DC2EDD3190701EDA6 /* WeatherModuleInteractorInput.swift */; };
		37F9F7120C88B3E0BBC01629 /* WeatherModuleViewTests.swift in Sources */ = {isa = PBXBuildFile; fileRef = 47CDB2B366F2C5310E6BB732 /* WeatherModuleViewTests.swift */; };
		4EF686D25DE40C7F6477CD26 /* Pods_WheatherTests.framework in Frameworks */ = {isa = PBXBuildFile; fileRef = F0CFB2FC4AE375E6EA66AD4F /* Pods_WheatherTests.framework */; };
		5D4DE9DF3BA0A31A32ED6FFE /* WeatherModulePresenter.swift in Sources */ = {isa = PBXBuildFile; fileRef = 6BEE89B8A7BC1A0A1C92E95F /* WeatherModulePresenter.swift */; };
		67822C58DE214E63587D06EB /* WeatherModuleConfigurator.swift in Sources */ = {isa = PBXBuildFile; fileRef = 5D45B056062466B3874AD4CC /* WeatherModuleConfigurator.swift */; };
		840C0EEF22B135EC004F8CA5 /* AppDelegate.swift in Sources */ = {isa = PBXBuildFile; fileRef = 840C0EEE22B135EC004F8CA5 /* AppDelegate.swift */; };
		840C0EF422B135EC004F8CA5 /* Main.storyboard in Resources */ = {isa = PBXBuildFile; fileRef = 840C0EF222B135EC004F8CA5 /* Main.storyboard */; };
		840C0EF722B135EC004F8CA5 /* Wheather.xcdatamodeld in Sources */ = {isa = PBXBuildFile; fileRef = 840C0EF522B135EC004F8CA5 /* Wheather.xcdatamodeld */; };
		840C0EF922B135ED004F8CA5 /* Assets.xcassets in Resources */ = {isa = PBXBuildFile; fileRef = 840C0EF822B135ED004F8CA5 /* Assets.xcassets */; };
		840C0EFC22B135ED004F8CA5 /* LaunchScreen.storyboard in Resources */ = {isa = PBXBuildFile; fileRef = 840C0EFA22B135ED004F8CA5 /* LaunchScreen.storyboard */; };
		840C0F0722B135ED004F8CA5 /* WheatherTests.swift in Sources */ = {isa = PBXBuildFile; fileRef = 840C0F0622B135ED004F8CA5 /* WheatherTests.swift */; };
		840C0F1222B135ED004F8CA5 /* WheatherUITests.swift in Sources */ = {isa = PBXBuildFile; fileRef = 840C0F1122B135ED004F8CA5 /* WheatherUITests.swift */; };
		84228A879884562FC3DD3B79 /* WeatherModuleModuleInput.swift in Sources */ = {isa = PBXBuildFile; fileRef = 5CE752E690A2F82351DEC77F /* WeatherModuleModuleInput.swift */; };
		8424B69A22B65BF300526810 /* Wind.swift in Sources */ = {isa = PBXBuildFile; fileRef = 8424B69222B65BF300526810 /* Wind.swift */; };
		8424B69B22B65BF300526810 /* Clouds.swift in Sources */ = {isa = PBXBuildFile; fileRef = 8424B69322B65BF300526810 /* Clouds.swift */; };
		8424B69C22B65BF300526810 /* WheatherResp.swift in Sources */ = {isa = PBXBuildFile; fileRef = 8424B69422B65BF300526810 /* WheatherResp.swift */; };
		8424B69D22B65BF300526810 /* Weather.swift in Sources */ = {isa = PBXBuildFile; fileRef = 8424B69522B65BF300526810 /* Weather.swift */; };
		8424B69E22B65BF300526810 /* Main.swift in Sources */ = {isa = PBXBuildFile; fileRef = 8424B69622B65BF300526810 /* Main.swift */; };
		8424B69F22B65BF300526810 /* Rain.swift in Sources */ = {isa = PBXBuildFile; fileRef = 8424B69722B65BF300526810 /* Rain.swift */; };
		8424B6A022B65BF300526810 /* Coord.swift in Sources */ = {isa = PBXBuildFile; fileRef = 8424B69822B65BF300526810 /* Coord.swift */; };
		8424B6A122B65BF300526810 /* Sys.swift in Sources */ = {isa = PBXBuildFile; fileRef = 8424B69922B65BF300526810 /* Sys.swift */; };
		8424B6A322B65F9D00526810 /* WheatherTableCell.swift in Sources */ = {isa = PBXBuildFile; fileRef = 8424B6A222B65F9D00526810 /* WheatherTableCell.swift */; };
		8424B6A922B6709300526810 /* DataManager.swift in Sources */ = {isa = PBXBuildFile; fileRef = 8424B6A822B6709300526810 /* DataManager.swift */; };
		8424B6AB22B6728D00526810 /* Constants.swift in Sources */ = {isa = PBXBuildFile; fileRef = 8424B6AA22B6728D00526810 /* Constants.swift */; };
		88DC25FF5C84D311A5F5BD12 /* WeatherModuleRouterTests.swift in Sources */ = {isa = PBXBuildFile; fileRef = A60339202D8954AD2F985C36 /* WeatherModuleRouterTests.swift */; };
		95412CA78A6994E72BCE8D23 /* WeatherModuleInteractor.swift in Sources */ = {isa = PBXBuildFile; fileRef = A7BC7AF3E7504C1DD93C89C5 /* WeatherModuleInteractor.swift */; };
		A24CA1E300BC64F1E68F143F /* WeatherModuleRouter.swift in Sources */ = {isa = PBXBuildFile; fileRef = F52E8E89A8599B576E8C2B1A /* WeatherModuleRouter.swift */; };
		AE382A2F83E1125E05A72B37 /* WeatherModuleInteractorOutput.swift in Sources */ = {isa = PBXBuildFile; fileRef = 843AAF3E38AF4C0C3FDEE657 /* WeatherModuleInteractorOutput.swift */; };
		B18B3648097FD3DDA73351C4 /* Pods_WheatherUITests.framework in Frameworks */ = {isa = PBXBuildFile; fileRef = 17AA350AD3C16A40C13DDB00 /* Pods_WheatherUITests.framework */; };
		B1C18204812ECD96DE6D299C /* WeatherModuleInteractorTests.swift in Sources */ = {isa = PBXBuildFile; fileRef = FE0B561C662CBAF34787BE8A /* WeatherModuleInteractorTests.swift */; };
		B98FEE6301009F4145214022 /* WeatherModulePresenterTests.swift in Sources */ = {isa = PBXBuildFile; fileRef = EFFDE0DE447572AF7128146F /* WeatherModulePresenterTests.swift */; };
		C4F5AADDCBA6BA8FD14EA524 /* WeatherModuleConfiguratorTests.swift in Sources */ = {isa = PBXBuildFile; fileRef = 31E7698662329C6391F9632C /* WeatherModuleConfiguratorTests.swift */; };
		D5EFDC74151D6DDEA598438A /* WeatherModuleViewController.swift in Sources */ = {isa = PBXBuildFile; fileRef = BB39FC37F4034CC3B75F4AAF /* WeatherModuleViewController.swift */; };
		F3E8A59CA8F0E09C45CC6D1E /* WeatherModuleViewOutput.swift in Sources */ = {isa = PBXBuildFile; fileRef = 067F0A8AB54FAD0C99DB90D0 /* WeatherModuleViewOutput.swift */; };
/* End PBXBuildFile section */

/* Begin PBXContainerItemProxy section */
		840C0F0322B135ED004F8CA5 /* PBXContainerItemProxy */ = {
			isa = PBXContainerItemProxy;
			containerPortal = 840C0EE322B135EC004F8CA5 /* Project object */;
			proxyType = 1;
			remoteGlobalIDString = 840C0EEA22B135EC004F8CA5;
			remoteInfo = Wheather;
		};
		840C0F0E22B135ED004F8CA5 /* PBXContainerItemProxy */ = {
			isa = PBXContainerItemProxy;
			containerPortal = 840C0EE322B135EC004F8CA5 /* Project object */;
			proxyType = 1;
			remoteGlobalIDString = 840C0EEA22B135EC004F8CA5;
			remoteInfo = Wheather;
		};
/* End PBXContainerItemProxy section */

/* Begin PBXFileReference section */
		067F0A8AB54FAD0C99DB90D0 /* WeatherModuleViewOutput.swift */ = {isa = PBXFileReference; includeInIndex = 1; lastKnownFileType = sourcecode.swift; path = WeatherModuleViewOutput.swift; sourceTree = "<group>"; };
		17AA350AD3C16A40C13DDB00 /* Pods_WheatherUITests.framework */ = {isa = PBXFileReference; explicitFileType = wrapper.framework; includeInIndex = 0; path = Pods_WheatherUITests.framework; sourceTree = BUILT_PRODUCTS_DIR; };
		1EB011C1594EA5E192D20A27 /* Pods-WheatherTests.release.xcconfig */ = {isa = PBXFileReference; includeInIndex = 1; lastKnownFileType = text.xcconfig; name = "Pods-WheatherTests.release.xcconfig"; path = "Target Support Files/Pods-WheatherTests/Pods-WheatherTests.release.xcconfig"; sourceTree = "<group>"; };
		31E7698662329C6391F9632C /* WeatherModuleConfiguratorTests.swift */ = {isa = PBXFileReference; includeInIndex = 1; lastKnownFileType = sourcecode.swift; path = WeatherModuleConfiguratorTests.swift; sourceTree = "<group>"; };
		35876E8976F75CB7A0EF7E80 /* Pods-WheatherUITests.debug.xcconfig */ = {isa = PBXFileReference; includeInIndex = 1; lastKnownFileType = text.xcconfig; name = "Pods-WheatherUITests.debug.xcconfig"; path = "Target Support Files/Pods-WheatherUITests/Pods-WheatherUITests.debug.xcconfig"; sourceTree = "<group>"; };
		3693F32899D1BE7B282BEFF2 /* WeatherModuleRouterInput.swift */ = {isa = PBXFileReference; includeInIndex = 1; lastKnownFileType = sourcecode.swift; path = WeatherModuleRouterInput.swift; sourceTree = "<group>"; };
		47CDB2B366F2C5310E6BB732 /* WeatherModuleViewTests.swift */ = {isa = PBXFileReference; includeInIndex = 1; lastKnownFileType = sourcecode.swift; path = WeatherModuleViewTests.swift; sourceTree = "<group>"; };
		5CE752E690A2F82351DEC77F /* WeatherModuleModuleInput.swift */ = {isa = PBXFileReference; includeInIndex = 1; lastKnownFileType = sourcecode.swift; path = WeatherModuleModuleInput.swift; sourceTree = "<group>"; };
		5D45B056062466B3874AD4CC /* WeatherModuleConfigurator.swift */ = {isa = PBXFileReference; includeInIndex = 1; lastKnownFileType = sourcecode.swift; path = WeatherModuleConfigurator.swift; sourceTree = "<group>"; };
		622FBF1E00FD7B3F77FA3137 /* Pods_Wheather.framework */ = {isa = PBXFileReference; explicitFileType = wrapper.framework; includeInIndex = 0; path = Pods_Wheather.framework; sourceTree = BUILT_PRODUCTS_DIR; };
		6787AD7E1D58AEDA7F454014 /* WeatherModuleViewInput.swift */ = {isa = PBXFileReference; includeInIndex = 1; lastKnownFileType = sourcecode.swift; path = WeatherModuleViewInput.swift; sourceTree = "<group>"; };
		6BEE89B8A7BC1A0A1C92E95F /* WeatherModulePresenter.swift */ = {isa = PBXFileReference; includeInIndex = 1; lastKnownFileType = sourcecode.swift; path = WeatherModulePresenter.swift; sourceTree = "<group>"; };
		77BBB92F1D613517D0B99E68 /* WeatherModuleInitializer.swift */ = {isa = PBXFileReference; includeInIndex = 1; lastKnownFileType = sourcecode.swift; path = WeatherModuleInitializer.swift; sourceTree = "<group>"; };
		840C0EEB22B135EC004F8CA5 /* Wheather.app */ = {isa = PBXFileReference; explicitFileType = wrapper.application; includeInIndex = 0; path = Wheather.app; sourceTree = BUILT_PRODUCTS_DIR; };
		840C0EEE22B135EC004F8CA5 /* AppDelegate.swift */ = {isa = PBXFileReference; lastKnownFileType = sourcecode.swift; path = AppDelegate.swift; sourceTree = "<group>"; };
		840C0EF322B135EC004F8CA5 /* Base */ = {isa = PBXFileReference; lastKnownFileType = file.storyboard; name = Base; path = Base.lproj/Main.storyboard; sourceTree = "<group>"; };
		840C0EF622B135EC004F8CA5 /* Wheather.xcdatamodel */ = {isa = PBXFileReference; lastKnownFileType = wrapper.xcdatamodel; path = Wheather.xcdatamodel; sourceTree = "<group>"; };
		840C0EF822B135ED004F8CA5 /* Assets.xcassets */ = {isa = PBXFileReference; lastKnownFileType = folder.assetcatalog; path = Assets.xcassets; sourceTree = "<group>"; };
		840C0EFB22B135ED004F8CA5 /* Base */ = {isa = PBXFileReference; lastKnownFileType = file.storyboard; name = Base; path = Base.lproj/LaunchScreen.storyboard; sourceTree = "<group>"; };
		840C0EFD22B135ED004F8CA5 /* Info.plist */ = {isa = PBXFileReference; lastKnownFileType = text.plist.xml; path = Info.plist; sourceTree = "<group>"; };
		840C0F0222B135ED004F8CA5 /* WheatherTests.xctest */ = {isa = PBXFileReference; explicitFileType = wrapper.cfbundle; includeInIndex = 0; path = WheatherTests.xctest; sourceTree = BUILT_PRODUCTS_DIR; };
		840C0F0622B135ED004F8CA5 /* WheatherTests.swift */ = {isa = PBXFileReference; lastKnownFileType = sourcecode.swift; path = WheatherTests.swift; sourceTree = "<group>"; };
		840C0F0822B135ED004F8CA5 /* Info.plist */ = {isa = PBXFileReference; lastKnownFileType = text.plist.xml; path = Info.plist; sourceTree = "<group>"; };
		840C0F0D22B135ED004F8CA5 /* WheatherUITests.xctest */ = {isa = PBXFileReference; explicitFileType = wrapper.cfbundle; includeInIndex = 0; path = WheatherUITests.xctest; sourceTree = BUILT_PRODUCTS_DIR; };
		840C0F1122B135ED004F8CA5 /* WheatherUITests.swift */ = {isa = PBXFileReference; lastKnownFileType = sourcecode.swift; path = WheatherUITests.swift; sourceTree = "<group>"; };
		840C0F1322B135ED004F8CA5 /* Info.plist */ = {isa = PBXFileReference; lastKnownFileType = text.plist.xml; path = Info.plist; sourceTree = "<group>"; };
		8424B69222B65BF300526810 /* Wind.swift */ = {isa = PBXFileReference; fileEncoding = 4; lastKnownFileType = sourcecode.swift; path = Wind.swift; sourceTree = "<group>"; };
		8424B69322B65BF300526810 /* Clouds.swift */ = {isa = PBXFileReference; fileEncoding = 4; lastKnownFileType = sourcecode.swift; path = Clouds.swift; sourceTree = "<group>"; };
		8424B69422B65BF300526810 /* WheatherResp.swift */ = {isa = PBXFileReference; fileEncoding = 4; lastKnownFileType = sourcecode.swift; path = WheatherResp.swift; sourceTree = "<group>"; };
		8424B69522B65BF300526810 /* Weather.swift */ = {isa = PBXFileReference; fileEncoding = 4; lastKnownFileType = sourcecode.swift; path = Weather.swift; sourceTree = "<group>"; };
		8424B69622B65BF300526810 /* Main.swift */ = {isa = PBXFileReference; fileEncoding = 4; lastKnownFileType = sourcecode.swift; path = Main.swift; sourceTree = "<group>"; };
		8424B69722B65BF300526810 /* Rain.swift */ = {isa = PBXFileReference; fileEncoding = 4; lastKnownFileType = sourcecode.swift; path = Rain.swift; sourceTree = "<group>"; };
		8424B69822B65BF300526810 /* Coord.swift */ = {isa = PBXFileReference; fileEncoding = 4; lastKnownFileType = sourcecode.swift; path = Coord.swift; sourceTree = "<group>"; };
		8424B69922B65BF300526810 /* Sys.swift */ = {isa = PBXFileReference; fileEncoding = 4; lastKnownFileType = sourcecode.swift; path = Sys.swift; sourceTree = "<group>"; };
		8424B6A222B65F9D00526810 /* WheatherTableCell.swift */ = {isa = PBXFileReference; lastKnownFileType = sourcecode.swift; path = WheatherTableCell.swift; sourceTree = "<group>"; };
		8424B6A822B6709300526810 /* DataManager.swift */ = {isa = PBXFileReference; lastKnownFileType = sourcecode.swift; path = DataManager.swift; sourceTree = "<group>"; };
		8424B6AA22B6728D00526810 /* Constants.swift */ = {isa = PBXFileReference; lastKnownFileType = sourcecode.swift; path = Constants.swift; sourceTree = "<group>"; };
		843AAF3E38AF4C0C3FDEE657 /* WeatherModuleInteractorOutput.swift */ = {isa = PBXFileReference; includeInIndex = 1; lastKnownFileType = sourcecode.swift; path = WeatherModuleInteractorOutput.swift; sourceTree = "<group>"; };
		9980722C0EE34947DD168B4C /* Pods-Wheather.debug.xcconfig */ = {isa = PBXFileReference; includeInIndex = 1; lastKnownFileType = text.xcconfig; name = "Pods-Wheather.debug.xcconfig"; path = "Target Support Files/Pods-Wheather/Pods-Wheather.debug.xcconfig"; sourceTree = "<group>"; };
		A60339202D8954AD2F985C36 /* WeatherModuleRouterTests.swift */ = {isa = PBXFileReference; includeInIndex = 1; lastKnownFileType = sourcecode.swift; path = WeatherModuleRouterTests.swift; sourceTree = "<group>"; };
		A7BC7AF3E7504C1DD93C89C5 /* WeatherModuleInteractor.swift */ = {isa = PBXFileReference; includeInIndex = 1; lastKnownFileType = sourcecode.swift; path = WeatherModuleInteractor.swift; sourceTree = "<group>"; };
		ACECFA8DC2EDD3190701EDA6 /* WeatherModuleInteractorInput.swift */ = {isa = PBXFileReference; includeInIndex = 1; lastKnownFileType = sourcecode.swift; path = WeatherModuleInteractorInput.swift; sourceTree = "<group>"; };
		B8232DF85B41520B58F1E2DB /* Pods-WheatherUITests.release.xcconfig */ = {isa = PBXFileReference; includeInIndex = 1; lastKnownFileType = text.xcconfig; name = "Pods-WheatherUITests.release.xcconfig"; path = "Target Support Files/Pods-WheatherUITests/Pods-WheatherUITests.release.xcconfig"; sourceTree = "<group>"; };
		BB39FC37F4034CC3B75F4AAF /* WeatherModuleViewController.swift */ = {isa = PBXFileReference; includeInIndex = 1; lastKnownFileType = sourcecode.swift; path = WeatherModuleViewController.swift; sourceTree = "<group>"; };
		E2644577E69E38670CD7C8C2 /* Pods-Wheather.release.xcconfig */ = {isa = PBXFileReference; includeInIndex = 1; lastKnownFileType = text.xcconfig; name = "Pods-Wheather.release.xcconfig"; path = "Target Support Files/Pods-Wheather/Pods-Wheather.release.xcconfig"; sourceTree = "<group>"; };
		EFFDE0DE447572AF7128146F /* WeatherModulePresenterTests.swift */ = {isa = PBXFileReference; includeInIndex = 1; lastKnownFileType = sourcecode.swift; path = WeatherModulePresenterTests.swift; sourceTree = "<group>"; };
		F0CFB2FC4AE375E6EA66AD4F /* Pods_WheatherTests.framework */ = {isa = PBXFileReference; explicitFileType = wrapper.framework; includeInIndex = 0; path = Pods_WheatherTests.framework; sourceTree = BUILT_PRODUCTS_DIR; };
		F52E8E89A8599B576E8C2B1A /* WeatherModuleRouter.swift */ = {isa = PBXFileReference; includeInIndex = 1; lastKnownFileType = sourcecode.swift; path = WeatherModuleRouter.swift; sourceTree = "<group>"; };
		F8A03B3476F159394A447B4E /* Pods-WheatherTests.debug.xcconfig */ = {isa = PBXFileReference; includeInIndex = 1; lastKnownFileType = text.xcconfig; name = "Pods-WheatherTests.debug.xcconfig"; path = "Target Support Files/Pods-WheatherTests/Pods-WheatherTests.debug.xcconfig"; sourceTree = "<group>"; };
		FE0B561C662CBAF34787BE8A /* WeatherModuleInteractorTests.swift */ = {isa = PBXFileReference; includeInIndex = 1; lastKnownFileType = sourcecode.swift; path = WeatherModuleInteractorTests.swift; sourceTree = "<group>"; };
/* End PBXFileReference section */

/* Begin PBXFrameworksBuildPhase section */
		840C0EE822B135EC004F8CA5 /* Frameworks */ = {
			isa = PBXFrameworksBuildPhase;
			buildActionMask = 2147483647;
			files = (
				0B245441C9A933919B6CAAA0 /* Pods_Wheather.framework in Frameworks */,
			);
			runOnlyForDeploymentPostprocessing = 0;
		};
		840C0EFF22B135ED004F8CA5 /* Frameworks */ = {
			isa = PBXFrameworksBuildPhase;
			buildActionMask = 2147483647;
			files = (
				4EF686D25DE40C7F6477CD26 /* Pods_WheatherTests.framework in Frameworks */,
			);
			runOnlyForDeploymentPostprocessing = 0;
		};
		840C0F0A22B135ED004F8CA5 /* Frameworks */ = {
			isa = PBXFrameworksBuildPhase;
			buildActionMask = 2147483647;
			files = (
				B18B3648097FD3DDA73351C4 /* Pods_WheatherUITests.framework in Frameworks */,
			);
			runOnlyForDeploymentPostprocessing = 0;
		};
/* End PBXFrameworksBuildPhase section */

/* Begin PBXGroup section */
		2CFB1C1DE7574F57198D7DA0 /* WeatherModule */ = {
			isa = PBXGroup;
			children = (
				8AE426D36F225ABF10435B95 /* View */,
				5BCB75B9C57A43B275345DBA /* Presenter */,
				DDF1034DF6AC2E5BA41D78AC /* Interactor */,
				7E14A827CF66FE1487F541E8 /* Router */,
				6DCA1D63CFA72A9C3DDDFC8A /* Configurator */,
			);
			path = WeatherModule;
			sourceTree = "<group>";
		};
		5BCB75B9C57A43B275345DBA /* Presenter */ = {
			isa = PBXGroup;
			children = (
				5CE752E690A2F82351DEC77F /* WeatherModuleModuleInput.swift */,
				6BEE89B8A7BC1A0A1C92E95F /* WeatherModulePresenter.swift */,
			);
			path = Presenter;
			sourceTree = "<group>";
		};
		5C3D364B6808ABCEA4CD1773 /* Router */ = {
			isa = PBXGroup;
			children = (
				A60339202D8954AD2F985C36 /* WeatherModuleRouterTests.swift */,
			);
			path = Router;
			sourceTree = "<group>";
		};
		6DCA1D63CFA72A9C3DDDFC8A /* Configurator */ = {
			isa = PBXGroup;
			children = (
				5D45B056062466B3874AD4CC /* WeatherModuleConfigurator.swift */,
				77BBB92F1D613517D0B99E68 /* WeatherModuleInitializer.swift */,
			);
			path = Configurator;
			sourceTree = "<group>";
		};
		7E14A827CF66FE1487F541E8 /* Router */ = {
			isa = PBXGroup;
			children = (
				3693F32899D1BE7B282BEFF2 /* WeatherModuleRouterInput.swift */,
				F52E8E89A8599B576E8C2B1A /* WeatherModuleRouter.swift */,
			);
			path = Router;
			sourceTree = "<group>";
		};
		840C0EE222B135EC004F8CA5 = {
			isa = PBXGroup;
			children = (
				840C0EED22B135EC004F8CA5 /* Wheather */,
				840C0F0522B135ED004F8CA5 /* WheatherTests */,
				840C0F1022B135ED004F8CA5 /* WheatherUITests */,
				840C0EEC22B135EC004F8CA5 /* Products */,
				96D01AA997E33EDC61EF4C60 /* Pods */,
				FD73DE91DB4BC3E815D6D5FD /* Frameworks */,
			);
			sourceTree = "<group>";
		};
		840C0EEC22B135EC004F8CA5 /* Products */ = {
			isa = PBXGroup;
			children = (
				840C0EEB22B135EC004F8CA5 /* Wheather.app */,
				840C0F0222B135ED004F8CA5 /* WheatherTests.xctest */,
				840C0F0D22B135ED004F8CA5 /* WheatherUITests.xctest */,
			);
			name = Products;
			sourceTree = "<group>";
		};
		840C0EED22B135EC004F8CA5 /* Wheather */ = {
			isa = PBXGroup;
			children = (
				8424B6A722B66CB500526810 /* AppDelegate */,
				8424B6A622B66CAC00526810 /* ServiceClass */,
				8424B69122B65BF300526810 /* WheatherModel */,
				2CFB1C1DE7574F57198D7DA0 /* WeatherModule */,
				840C0EF222B135EC004F8CA5 /* Main.storyboard */,
				840C0EF822B135ED004F8CA5 /* Assets.xcassets */,
				840C0EFA22B135ED004F8CA5 /* LaunchScreen.storyboard */,
				840C0EFD22B135ED004F8CA5 /* Info.plist */,
				840C0EF522B135EC004F8CA5 /* Wheather.xcdatamodeld */,
			);
			path = Wheather;
			sourceTree = "<group>";
		};
		840C0F0522B135ED004F8CA5 /* WheatherTests */ = {
			isa = PBXGroup;
			children = (
				840C0F0622B135ED004F8CA5 /* WheatherTests.swift */,
				840C0F0822B135ED004F8CA5 /* Info.plist */,
				97A79984085E4EC084432291 /* WeatherModule */,
			);
			path = WheatherTests;
			sourceTree = "<group>";
		};
		840C0F1022B135ED004F8CA5 /* WheatherUITests */ = {
			isa = PBXGroup;
			children = (
				840C0F1122B135ED004F8CA5 /* WheatherUITests.swift */,
				840C0F1322B135ED004F8CA5 /* Info.plist */,
			);
			path = WheatherUITests;
			sourceTree = "<group>";
		};
		8424B69122B65BF300526810 /* WheatherModel */ = {
			isa = PBXGroup;
			children = (
				8424B69222B65BF300526810 /* Wind.swift */,
				8424B69322B65BF300526810 /* Clouds.swift */,
				8424B69422B65BF300526810 /* WheatherResp.swift */,
				8424B69522B65BF300526810 /* Weather.swift */,
				8424B69622B65BF300526810 /* Main.swift */,
				8424B69722B65BF300526810 /* Rain.swift */,
				8424B69822B65BF300526810 /* Coord.swift */,
				8424B69922B65BF300526810 /* Sys.swift */,
			);
			path = WheatherModel;
			sourceTree = "<group>";
		};
		8424B6A622B66CAC00526810 /* ServiceClass */ = {
			isa = PBXGroup;
			children = (
				8424B6A822B6709300526810 /* DataManager.swift */,
				8424B6AA22B6728D00526810 /* Constants.swift */,
			);
			path = ServiceClass;
			sourceTree = "<group>";
		};
		8424B6A722B66CB500526810 /* AppDelegate */ = {
			isa = PBXGroup;
			children = (
				840C0EEE22B135EC004F8CA5 /* AppDelegate.swift */,
			);
			path = AppDelegate;
			sourceTree = "<group>";
		};
		88B475598CD83C839F34956D /* Interactor */ = {
			isa = PBXGroup;
			children = (
				FE0B561C662CBAF34787BE8A /* WeatherModuleInteractorTests.swift */,
			);
			path = Interactor;
			sourceTree = "<group>";
		};
		8AE426D36F225ABF10435B95 /* View */ = {
			isa = PBXGroup;
			children = (
				6787AD7E1D58AEDA7F454014 /* WeatherModuleViewInput.swift */,
				067F0A8AB54FAD0C99DB90D0 /* WeatherModuleViewOutput.swift */,
				BB39FC37F4034CC3B75F4AAF /* WeatherModuleViewController.swift */,
				8424B6A222B65F9D00526810 /* WheatherTableCell.swift */,
			);
			path = View;
			sourceTree = "<group>";
		};
		96D01AA997E33EDC61EF4C60 /* Pods */ = {
			isa = PBXGroup;
			children = (
				9980722C0EE34947DD168B4C /* Pods-Wheather.debug.xcconfig */,
				E2644577E69E38670CD7C8C2 /* Pods-Wheather.release.xcconfig */,
				F8A03B3476F159394A447B4E /* Pods-WheatherTests.debug.xcconfig */,
				1EB011C1594EA5E192D20A27 /* Pods-WheatherTests.release.xcconfig */,
				35876E8976F75CB7A0EF7E80 /* Pods-WheatherUITests.debug.xcconfig */,
				B8232DF85B41520B58F1E2DB /* Pods-WheatherUITests.release.xcconfig */,
			);
			path = Pods;
			sourceTree = "<group>";
		};
		97118D0D4355A7DC6EC09CF5 /* Presenter */ = {
			isa = PBXGroup;
			children = (
				EFFDE0DE447572AF7128146F /* WeatherModulePresenterTests.swift */,
			);
			path = Presenter;
			sourceTree = "<group>";
		};
		97A79984085E4EC084432291 /* WeatherModule */ = {
			isa = PBXGroup;
			children = (
				B85568BD7E7BC22295611AA3 /* Configurator */,
				C7303A1065551BA4CBC02636 /* View */,
				88B475598CD83C839F34956D /* Interactor */,
				97118D0D4355A7DC6EC09CF5 /* Presenter */,
				5C3D364B6808ABCEA4CD1773 /* Router */,
			);
			path = WeatherModule;
			sourceTree = "<group>";
		};
		B85568BD7E7BC22295611AA3 /* Configurator */ = {
			isa = PBXGroup;
			children = (
				31E7698662329C6391F9632C /* WeatherModuleConfiguratorTests.swift */,
			);
			path = Configurator;
			sourceTree = "<group>";
		};
		C7303A1065551BA4CBC02636 /* View */ = {
			isa = PBXGroup;
			children = (
				47CDB2B366F2C5310E6BB732 /* WeatherModuleViewTests.swift */,
			);
			path = View;
			sourceTree = "<group>";
		};
		DDF1034DF6AC2E5BA41D78AC /* Interactor */ = {
			isa = PBXGroup;
			children = (
				ACECFA8DC2EDD3190701EDA6 /* WeatherModuleInteractorInput.swift */,
				843AAF3E38AF4C0C3FDEE657 /* WeatherModuleInteractorOutput.swift */,
				A7BC7AF3E7504C1DD93C89C5 /* WeatherModuleInteractor.swift */,
			);
			path = Interactor;
			sourceTree = "<group>";
		};
		FD73DE91DB4BC3E815D6D5FD /* Frameworks */ = {
			isa = PBXGroup;
			children = (
				622FBF1E00FD7B3F77FA3137 /* Pods_Wheather.framework */,
				F0CFB2FC4AE375E6EA66AD4F /* Pods_WheatherTests.framework */,
				17AA350AD3C16A40C13DDB00 /* Pods_WheatherUITests.framework */,
			);
			name = Frameworks;
			sourceTree = "<group>";
		};
/* End PBXGroup section */

/* Begin PBXNativeTarget section */
		840C0EEA22B135EC004F8CA5 /* Wheather */ = {
			isa = PBXNativeTarget;
			buildConfigurationList = 840C0F1622B135ED004F8CA5 /* Build configuration list for PBXNativeTarget "Wheather" */;
			buildPhases = (
				AF2ADF12D0D7432B65AE5FC0 /* [CP] Check Pods Manifest.lock */,
				840C0EE722B135EC004F8CA5 /* Sources */,
				840C0EE822B135EC004F8CA5 /* Frameworks */,
				840C0EE922B135EC004F8CA5 /* Resources */,
				2B672195240288AA8E568320 /* [CP] Embed Pods Frameworks */,
			);
			buildRules = (
			);
			dependencies = (
			);
			name = Wheather;
			productName = Wheather;
			productReference = 840C0EEB22B135EC004F8CA5 /* Wheather.app */;
			productType = "com.apple.product-type.application";
		};
		840C0F0122B135ED004F8CA5 /* WheatherTests */ = {
			isa = PBXNativeTarget;
			buildConfigurationList = 840C0F1922B135ED004F8CA5 /* Build configuration list for PBXNativeTarget "WheatherTests" */;
			buildPhases = (
				D58EAC593CDF9E92386EE80E /* [CP] Check Pods Manifest.lock */,
				840C0EFE22B135ED004F8CA5 /* Sources */,
				840C0EFF22B135ED004F8CA5 /* Frameworks */,
				840C0F0022B135ED004F8CA5 /* Resources */,
			);
			buildRules = (
			);
			dependencies = (
				840C0F0422B135ED004F8CA5 /* PBXTargetDependency */,
			);
			name = WheatherTests;
			productName = WheatherTests;
			productReference = 840C0F0222B135ED004F8CA5 /* WheatherTests.xctest */;
			productType = "com.apple.product-type.bundle.unit-test";
		};
		840C0F0C22B135ED004F8CA5 /* WheatherUITests */ = {
			isa = PBXNativeTarget;
			buildConfigurationList = 840C0F1C22B135ED004F8CA5 /* Build configuration list for PBXNativeTarget "WheatherUITests" */;
			buildPhases = (
				EA09448A61D243C412DC1F94 /* [CP] Check Pods Manifest.lock */,
				840C0F0922B135ED004F8CA5 /* Sources */,
				840C0F0A22B135ED004F8CA5 /* Frameworks */,
				840C0F0B22B135ED004F8CA5 /* Resources */,
			);
			buildRules = (
			);
			dependencies = (
				840C0F0F22B135ED004F8CA5 /* PBXTargetDependency */,
			);
			name = WheatherUITests;
			productName = WheatherUITests;
			productReference = 840C0F0D22B135ED004F8CA5 /* WheatherUITests.xctest */;
			productType = "com.apple.product-type.bundle.ui-testing";
		};
/* End PBXNativeTarget section */

/* Begin PBXProject section */
		840C0EE322B135EC004F8CA5 /* Project object */ = {
			isa = PBXProject;
			attributes = {
				LastSwiftUpdateCheck = 1020;
				LastUpgradeCheck = 1020;
				ORGANIZATIONNAME = 11Street;
				TargetAttributes = {
					840C0EEA22B135EC004F8CA5 = {
						CreatedOnToolsVersion = 10.2.1;
					};
					840C0F0122B135ED004F8CA5 = {
						CreatedOnToolsVersion = 10.2.1;
						TestTargetID = 840C0EEA22B135EC004F8CA5;
					};
					840C0F0C22B135ED004F8CA5 = {
						CreatedOnToolsVersion = 10.2.1;
						TestTargetID = 840C0EEA22B135EC004F8CA5;
					};
				};
			};
			buildConfigurationList = 840C0EE622B135EC004F8CA5 /* Build configuration list for PBXProject "Wheather" */;
			compatibilityVersion = "Xcode 9.3";
			developmentRegion = en;
			hasScannedForEncodings = 0;
			knownRegions = (
				en,
				Base,
			);
			mainGroup = 840C0EE222B135EC004F8CA5;
			productRefGroup = 840C0EEC22B135EC004F8CA5 /* Products */;
			projectDirPath = "";
			projectRoot = "";
			targets = (
				840C0EEA22B135EC004F8CA5 /* Wheather */,
				840C0F0122B135ED004F8CA5 /* WheatherTests */,
				840C0F0C22B135ED004F8CA5 /* WheatherUITests */,
			);
		};
/* End PBXProject section */

/* Begin PBXResourcesBuildPhase section */
		840C0EE922B135EC004F8CA5 /* Resources */ = {
			isa = PBXResourcesBuildPhase;
			buildActionMask = 2147483647;
			files = (
				840C0EFC22B135ED004F8CA5 /* LaunchScreen.storyboard in Resources */,
				840C0EF922B135ED004F8CA5 /* Assets.xcassets in Resources */,
				840C0EF422B135EC004F8CA5 /* Main.storyboard in Resources */,
			);
			runOnlyForDeploymentPostprocessing = 0;
		};
		840C0F0022B135ED004F8CA5 /* Resources */ = {
			isa = PBXResourcesBuildPhase;
			buildActionMask = 2147483647;
			files = (
			);
			runOnlyForDeploymentPostprocessing = 0;
		};
		840C0F0B22B135ED004F8CA5 /* Resources */ = {
			isa = PBXResourcesBuildPhase;
			buildActionMask = 2147483647;
			files = (
			);
			runOnlyForDeploymentPostprocessing = 0;
		};
/* End PBXResourcesBuildPhase section */

/* Begin PBXShellScriptBuildPhase section */
		2B672195240288AA8E568320 /* [CP] Embed Pods Frameworks */ = {
			isa = PBXShellScriptBuildPhase;
			buildActionMask = 2147483647;
			files = (
			);
			inputFileListPaths = (
				"${PODS_ROOT}/Target Support Files/Pods-Wheather/Pods-Wheather-frameworks-${CONFIGURATION}-input-files.xcfilelist",
			);
			name = "[CP] Embed Pods Frameworks";
			outputFileListPaths = (
				"${PODS_ROOT}/Target Support Files/Pods-Wheather/Pods-Wheather-frameworks-${CONFIGURATION}-output-files.xcfilelist",
			);
			runOnlyForDeploymentPostprocessing = 0;
			shellPath = /bin/sh;
			shellScript = "\"${PODS_ROOT}/Target Support Files/Pods-Wheather/Pods-Wheather-frameworks.sh\"\n";
			showEnvVarsInLog = 0;
		};
		AF2ADF12D0D7432B65AE5FC0 /* [CP] Check Pods Manifest.lock */ = {
			isa = PBXShellScriptBuildPhase;
			buildActionMask = 2147483647;
			files = (
			);
			inputFileListPaths = (
			);
			inputPaths = (
				"${PODS_PODFILE_DIR_PATH}/Podfile.lock",
				"${PODS_ROOT}/Manifest.lock",
			);
			name = "[CP] Check Pods Manifest.lock";
			outputFileListPaths = (
			);
			outputPaths = (
				"$(DERIVED_FILE_DIR)/Pods-Wheather-checkManifestLockResult.txt",
			);
			runOnlyForDeploymentPostprocessing = 0;
			shellPath = /bin/sh;
			shellScript = "diff \"${PODS_PODFILE_DIR_PATH}/Podfile.lock\" \"${PODS_ROOT}/Manifest.lock\" > /dev/null\nif [ $? != 0 ] ; then\n    # print error to STDERR\n    echo \"error: The sandbox is not in sync with the Podfile.lock. Run 'pod install' or update your CocoaPods installation.\" >&2\n    exit 1\nfi\n# This output is used by Xcode 'outputs' to avoid re-running this script phase.\necho \"SUCCESS\" > \"${SCRIPT_OUTPUT_FILE_0}\"\n";
			showEnvVarsInLog = 0;
		};
		D58EAC593CDF9E92386EE80E /* [CP] Check Pods Manifest.lock */ = {
			isa = PBXShellScriptBuildPhase;
			buildActionMask = 2147483647;
			files = (
			);
			inputFileListPaths = (
			);
			inputPaths = (
				"${PODS_PODFILE_DIR_PATH}/Podfile.lock",
				"${PODS_ROOT}/Manifest.lock",
			);
			name = "[CP] Check Pods Manifest.lock";
			outputFileListPaths = (
			);
			outputPaths = (
				"$(DERIVED_FILE_DIR)/Pods-WheatherTests-checkManifestLockResult.txt",
			);
			runOnlyForDeploymentPostprocessing = 0;
			shellPath = /bin/sh;
			shellScript = "diff \"${PODS_PODFILE_DIR_PATH}/Podfile.lock\" \"${PODS_ROOT}/Manifest.lock\" > /dev/null\nif [ $? != 0 ] ; then\n    # print error to STDERR\n    echo \"error: The sandbox is not in sync with the Podfile.lock. Run 'pod install' or update your CocoaPods installation.\" >&2\n    exit 1\nfi\n# This output is used by Xcode 'outputs' to avoid re-running this script phase.\necho \"SUCCESS\" > \"${SCRIPT_OUTPUT_FILE_0}\"\n";
			showEnvVarsInLog = 0;
		};
		EA09448A61D243C412DC1F94 /* [CP] Check Pods Manifest.lock */ = {
			isa = PBXShellScriptBuildPhase;
			buildActionMask = 2147483647;
			files = (
			);
			inputFileListPaths = (
			);
			inputPaths = (
				"${PODS_PODFILE_DIR_PATH}/Podfile.lock",
				"${PODS_ROOT}/Manifest.lock",
			);
			name = "[CP] Check Pods Manifest.lock";
			outputFileListPaths = (
			);
			outputPaths = (
				"$(DERIVED_FILE_DIR)/Pods-WheatherUITests-checkManifestLockResult.txt",
			);
			runOnlyForDeploymentPostprocessing = 0;
			shellPath = /bin/sh;
			shellScript = "diff \"${PODS_PODFILE_DIR_PATH}/Podfile.lock\" \"${PODS_ROOT}/Manifest.lock\" > /dev/null\nif [ $? != 0 ] ; then\n    # print error to STDERR\n    echo \"error: The sandbox is not in sync with the Podfile.lock. Run 'pod install' or update your CocoaPods installation.\" >&2\n    exit 1\nfi\n# This output is used by Xcode 'outputs' to avoid re-running this script phase.\necho \"SUCCESS\" > \"${SCRIPT_OUTPUT_FILE_0}\"\n";
			showEnvVarsInLog = 0;
		};
/* End PBXShellScriptBuildPhase section */

/* Begin PBXSourcesBuildPhase section */
		840C0EE722B135EC004F8CA5 /* Sources */ = {
			isa = PBXSourcesBuildPhase;
			buildActionMask = 2147483647;
			files = (
				8424B69C22B65BF300526810 /* WheatherResp.swift in Sources */,
				8424B69B22B65BF300526810 /* Clouds.swift in Sources */,
				840C0EEF22B135EC004F8CA5 /* AppDelegate.swift in Sources */,
				840C0EF722B135EC004F8CA5 /* Wheather.xcdatamodeld in Sources */,
				15A109885A96B4A5C112FDB1 /* WeatherModuleViewInput.swift in Sources */,
				F3E8A59CA8F0E09C45CC6D1E /* WeatherModuleViewOutput.swift in Sources */,
				D5EFDC74151D6DDEA598438A /* WeatherModuleViewController.swift in Sources */,
				8424B6AB22B6728D00526810 /* Constants.swift in Sources */,
				84228A879884562FC3DD3B79 /* WeatherModuleModuleInput.swift in Sources */,
				8424B69A22B65BF300526810 /* Wind.swift in Sources */,
				8424B6A322B65F9D00526810 /* WheatherTableCell.swift in Sources */,
				8424B69E22B65BF300526810 /* Main.swift in Sources */,
				5D4DE9DF3BA0A31A32ED6FFE /* WeatherModulePresenter.swift in Sources */,
				30C5244267F96EC5C7140AF1 /* WeatherModuleInteractorInput.swift in Sources */,
				AE382A2F83E1125E05A72B37 /* WeatherModuleInteractorOutput.swift in Sources */,
				95412CA78A6994E72BCE8D23 /* WeatherModuleInteractor.swift in Sources */,
				8424B69F22B65BF300526810 /* Rain.swift in Sources */,
				8424B6A122B65BF300526810 /* Sys.swift in Sources */,
				2BCF4CB66E92EB6A9AAB926B /* WeatherModuleRouterInput.swift in Sources */,
				8424B6A022B65BF300526810 /* Coord.swift in Sources */,
				8424B69D22B65BF300526810 /* Weather.swift in Sources */,
				8424B6A922B6709300526810 /* DataManager.swift in Sources */,
				A24CA1E300BC64F1E68F143F /* WeatherModuleRouter.swift in Sources */,
				67822C58DE214E63587D06EB /* WeatherModuleConfigurator.swift in Sources */,
				2B45D232E0451040DA1CD3A0 /* WeatherModuleInitializer.swift in Sources */,
			);
			runOnlyForDeploymentPostprocessing = 0;
		};
		840C0EFE22B135ED004F8CA5 /* Sources */ = {
			isa = PBXSourcesBuildPhase;
			buildActionMask = 2147483647;
			files = (
				840C0F0722B135ED004F8CA5 /* WheatherTests.swift in Sources */,
				C4F5AADDCBA6BA8FD14EA524 /* WeatherModuleConfiguratorTests.swift in Sources */,
				37F9F7120C88B3E0BBC01629 /* WeatherModuleViewTests.swift in Sources */,
				B1C18204812ECD96DE6D299C /* WeatherModuleInteractorTests.swift in Sources */,
				B98FEE6301009F4145214022 /* WeatherModulePresenterTests.swift in Sources */,
				88DC25FF5C84D311A5F5BD12 /* WeatherModuleRouterTests.swift in Sources */,
			);
			runOnlyForDeploymentPostprocessing = 0;
		};
		840C0F0922B135ED004F8CA5 /* Sources */ = {
			isa = PBXSourcesBuildPhase;
			buildActionMask = 2147483647;
			files = (
				840C0F1222B135ED004F8CA5 /* WheatherUITests.swift in Sources */,
			);
			runOnlyForDeploymentPostprocessing = 0;
		};
/* End PBXSourcesBuildPhase section */

/* Begin PBXTargetDependency section */
		840C0F0422B135ED004F8CA5 /* PBXTargetDependency */ = {
			isa = PBXTargetDependency;
			target = 840C0EEA22B135EC004F8CA5 /* Wheather */;
			targetProxy = 840C0F0322B135ED004F8CA5 /* PBXContainerItemProxy */;
		};
		840C0F0F22B135ED004F8CA5 /* PBXTargetDependency */ = {
			isa = PBXTargetDependency;
			target = 840C0EEA22B135EC004F8CA5 /* Wheather */;
			targetProxy = 840C0F0E22B135ED004F8CA5 /* PBXContainerItemProxy */;
		};
/* End PBXTargetDependency section */

/* Begin PBXVariantGroup section */
		840C0EF222B135EC004F8CA5 /* Main.storyboard */ = {
			isa = PBXVariantGroup;
			children = (
				840C0EF322B135EC004F8CA5 /* Base */,
			);
			name = Main.storyboard;
			sourceTree = "<group>";
		};
		840C0EFA22B135ED004F8CA5 /* LaunchScreen.storyboard */ = {
			isa = PBXVariantGroup;
			children = (
				840C0EFB22B135ED004F8CA5 /* Base */,
			);
			name = LaunchScreen.storyboard;
			sourceTree = "<group>";
		};
/* End PBXVariantGroup section */

/* Begin XCBuildConfiguration section */
		840C0F1422B135ED004F8CA5 /* Debug */ = {
			isa = XCBuildConfiguration;
			buildSettings = {
				ALWAYS_SEARCH_USER_PATHS = NO;
				CLANG_ANALYZER_NONNULL = YES;
				CLANG_ANALYZER_NUMBER_OBJECT_CONVERSION = YES_AGGRESSIVE;
				CLANG_CXX_LANGUAGE_STANDARD = "gnu++14";
				CLANG_CXX_LIBRARY = "libc++";
				CLANG_ENABLE_MODULES = YES;
				CLANG_ENABLE_OBJC_ARC = YES;
				CLANG_ENABLE_OBJC_WEAK = YES;
				CLANG_WARN_BLOCK_CAPTURE_AUTORELEASING = YES;
				CLANG_WARN_BOOL_CONVERSION = YES;
				CLANG_WARN_COMMA = YES;
				CLANG_WARN_CONSTANT_CONVERSION = YES;
				CLANG_WARN_DEPRECATED_OBJC_IMPLEMENTATIONS = YES;
				CLANG_WARN_DIRECT_OBJC_ISA_USAGE = YES_ERROR;
				CLANG_WARN_DOCUMENTATION_COMMENTS = YES;
				CLANG_WARN_EMPTY_BODY = YES;
				CLANG_WARN_ENUM_CONVERSION = YES;
				CLANG_WARN_INFINITE_RECURSION = YES;
				CLANG_WARN_INT_CONVERSION = YES;
				CLANG_WARN_NON_LITERAL_NULL_CONVERSION = YES;
				CLANG_WARN_OBJC_IMPLICIT_RETAIN_SELF = YES;
				CLANG_WARN_OBJC_LITERAL_CONVERSION = YES;
				CLANG_WARN_OBJC_ROOT_CLASS = YES_ERROR;
				CLANG_WARN_RANGE_LOOP_ANALYSIS = YES;
				CLANG_WARN_STRICT_PROTOTYPES = YES;
				CLANG_WARN_SUSPICIOUS_MOVE = YES;
				CLANG_WARN_UNGUARDED_AVAILABILITY = YES_AGGRESSIVE;
				CLANG_WARN_UNREACHABLE_CODE = YES;
				CLANG_WARN__DUPLICATE_METHOD_MATCH = YES;
				CODE_SIGN_IDENTITY = "iPhone Developer";
				COPY_PHASE_STRIP = NO;
				DEBUG_INFORMATION_FORMAT = dwarf;
				ENABLE_STRICT_OBJC_MSGSEND = YES;
				ENABLE_TESTABILITY = YES;
				GCC_C_LANGUAGE_STANDARD = gnu11;
				GCC_DYNAMIC_NO_PIC = NO;
				GCC_NO_COMMON_BLOCKS = YES;
				GCC_OPTIMIZATION_LEVEL = 0;
				GCC_PREPROCESSOR_DEFINITIONS = (
					"DEBUG=1",
					"$(inherited)",
				);
				GCC_WARN_64_TO_32_BIT_CONVERSION = YES;
				GCC_WARN_ABOUT_RETURN_TYPE = YES_ERROR;
				GCC_WARN_UNDECLARED_SELECTOR = YES;
				GCC_WARN_UNINITIALIZED_AUTOS = YES_AGGRESSIVE;
				GCC_WARN_UNUSED_FUNCTION = YES;
				GCC_WARN_UNUSED_VARIABLE = YES;
				IPHONEOS_DEPLOYMENT_TARGET = 12.2;
				MTL_ENABLE_DEBUG_INFO = INCLUDE_SOURCE;
				MTL_FAST_MATH = YES;
				ONLY_ACTIVE_ARCH = YES;
				SDKROOT = iphoneos;
				SWIFT_ACTIVE_COMPILATION_CONDITIONS = DEBUG;
				SWIFT_OPTIMIZATION_LEVEL = "-Onone";
			};
			name = Debug;
		};
		840C0F1522B135ED004F8CA5 /* Release */ = {
			isa = XCBuildConfiguration;
			buildSettings = {
				ALWAYS_SEARCH_USER_PATHS = NO;
				CLANG_ANALYZER_NONNULL = YES;
				CLANG_ANALYZER_NUMBER_OBJECT_CONVERSION = YES_AGGRESSIVE;
				CLANG_CXX_LANGUAGE_STANDARD = "gnu++14";
				CLANG_CXX_LIBRARY = "libc++";
				CLANG_ENABLE_MODULES = YES;
				CLANG_ENABLE_OBJC_ARC = YES;
				CLANG_ENABLE_OBJC_WEAK = YES;
				CLANG_WARN_BLOCK_CAPTURE_AUTORELEASING = YES;
				CLANG_WARN_BOOL_CONVERSION = YES;
				CLANG_WARN_COMMA = YES;
				CLANG_WARN_CONSTANT_CONVERSION = YES;
				CLANG_WARN_DEPRECATED_OBJC_IMPLEMENTATIONS = YES;
				CLANG_WARN_DIRECT_OBJC_ISA_USAGE = YES_ERROR;
				CLANG_WARN_DOCUMENTATION_COMMENTS = YES;
				CLANG_WARN_EMPTY_BODY = YES;
				CLANG_WARN_ENUM_CONVERSION = YES;
				CLANG_WARN_INFINITE_RECURSION = YES;
				CLANG_WARN_INT_CONVERSION = YES;
				CLANG_WARN_NON_LITERAL_NULL_CONVERSION = YES;
				CLANG_WARN_OBJC_IMPLICIT_RETAIN_SELF = YES;
				CLANG_WARN_OBJC_LITERAL_CONVERSION = YES;
				CLANG_WARN_OBJC_ROOT_CLASS = YES_ERROR;
				CLANG_WARN_RANGE_LOOP_ANALYSIS = YES;
				CLANG_WARN_STRICT_PROTOTYPES = YES;
				CLANG_WARN_SUSPICIOUS_MOVE = YES;
				CLANG_WARN_UNGUARDED_AVAILABILITY = YES_AGGRESSIVE;
				CLANG_WARN_UNREACHABLE_CODE = YES;
				CLANG_WARN__DUPLICATE_METHOD_MATCH = YES;
				CODE_SIGN_IDENTITY = "iPhone Developer";
				COPY_PHASE_STRIP = NO;
				DEBUG_INFORMATION_FORMAT = "dwarf-with-dsym";
				ENABLE_NS_ASSERTIONS = NO;
				ENABLE_STRICT_OBJC_MSGSEND = YES;
				GCC_C_LANGUAGE_STANDARD = gnu11;
				GCC_NO_COMMON_BLOCKS = YES;
				GCC_WARN_64_TO_32_BIT_CONVERSION = YES;
				GCC_WARN_ABOUT_RETURN_TYPE = YES_ERROR;
				GCC_WARN_UNDECLARED_SELECTOR = YES;
				GCC_WARN_UNINITIALIZED_AUTOS = YES_AGGRESSIVE;
				GCC_WARN_UNUSED_FUNCTION = YES;
				GCC_WARN_UNUSED_VARIABLE = YES;
				IPHONEOS_DEPLOYMENT_TARGET = 12.2;
				MTL_ENABLE_DEBUG_INFO = NO;
				MTL_FAST_MATH = YES;
				SDKROOT = iphoneos;
				SWIFT_COMPILATION_MODE = wholemodule;
				SWIFT_OPTIMIZATION_LEVEL = "-O";
				VALIDATE_PRODUCT = YES;
			};
			name = Release;
		};
		840C0F1722B135ED004F8CA5 /* Debug */ = {
			isa = XCBuildConfiguration;
			baseConfigurationReference = 9980722C0EE34947DD168B4C /* Pods-Wheather.debug.xcconfig */;
			buildSettings = {
				ASSETCATALOG_COMPILER_APPICON_NAME = AppIcon;
				CODE_SIGN_STYLE = Automatic;
				DEVELOPMENT_TEAM = 35LE49ZEHY;
				INFOPLIST_FILE = Wheather/Info.plist;
				LD_RUNPATH_SEARCH_PATHS = (
					"$(inherited)",
					"@executable_path/Frameworks",
				);
				PRODUCT_BUNDLE_IDENTIFIER = com.11Street.Wheather;
				PRODUCT_NAME = "$(TARGET_NAME)";
				SWIFT_VERSION = 5.0;
				TARGETED_DEVICE_FAMILY = "1,2";
			};
			name = Debug;
		};
		840C0F1822B135ED004F8CA5 /* Release */ = {
			isa = XCBuildConfiguration;
			baseConfigurationReference = E2644577E69E38670CD7C8C2 /* Pods-Wheather.release.xcconfig */;
			buildSettings = {
				ASSETCATALOG_COMPILER_APPICON_NAME = AppIcon;
				CODE_SIGN_STYLE = Automatic;
				DEVELOPMENT_TEAM = 35LE49ZEHY;
				INFOPLIST_FILE = Wheather/Info.plist;
				LD_RUNPATH_SEARCH_PATHS = (
					"$(inherited)",
					"@executable_path/Frameworks",
				);
				PRODUCT_BUNDLE_IDENTIFIER = com.11Street.Wheather;
				PRODUCT_NAME = "$(TARGET_NAME)";
				SWIFT_VERSION = 5.0;
				TARGETED_DEVICE_FAMILY = "1,2";
			};
			name = Release;
		};
		840C0F1A22B135ED004F8CA5 /* Debug */ = {
			isa = XCBuildConfiguration;
			baseConfigurationReference = F8A03B3476F159394A447B4E /* Pods-WheatherTests.debug.xcconfig */;
			buildSettings = {
				ALWAYS_EMBED_SWIFT_STANDARD_LIBRARIES = YES;
				BUNDLE_LOADER = "$(TEST_HOST)";
				CODE_SIGN_STYLE = Automatic;
				DEVELOPMENT_TEAM = 35LE49ZEHY;
				INFOPLIST_FILE = WheatherTests/Info.plist;
				LD_RUNPATH_SEARCH_PATHS = (
					"$(inherited)",
					"@executable_path/Frameworks",
					"@loader_path/Frameworks",
				);
				PRODUCT_BUNDLE_IDENTIFIER = "-1Street.WheatherTests";
				PRODUCT_NAME = "$(TARGET_NAME)";
				SWIFT_VERSION = 5.0;
				TARGETED_DEVICE_FAMILY = "1,2";
				TEST_HOST = "$(BUILT_PRODUCTS_DIR)/Wheather.app/Wheather";
			};
			name = Debug;
		};
		840C0F1B22B135ED004F8CA5 /* Release */ = {
			isa = XCBuildConfiguration;
			baseConfigurationReference = 1EB011C1594EA5E192D20A27 /* Pods-WheatherTests.release.xcconfig */;
			buildSettings = {
				ALWAYS_EMBED_SWIFT_STANDARD_LIBRARIES = YES;
				BUNDLE_LOADER = "$(TEST_HOST)";
				CODE_SIGN_STYLE = Automatic;
				DEVELOPMENT_TEAM = 35LE49ZEHY;
				INFOPLIST_FILE = WheatherTests/Info.plist;
				LD_RUNPATH_SEARCH_PATHS = (
					"$(inherited)",
					"@executable_path/Frameworks",
					"@loader_path/Frameworks",
				);
				PRODUCT_BUNDLE_IDENTIFIER = "-1Street.WheatherTests";
				PRODUCT_NAME = "$(TARGET_NAME)";
				SWIFT_VERSION = 5.0;
				TARGETED_DEVICE_FAMILY = "1,2";
				TEST_HOST = "$(BUILT_PRODUCTS_DIR)/Wheather.app/Wheather";
			};
			name = Release;
		};
		840C0F1D22B135ED004F8CA5 /* Debug */ = {
			isa = XCBuildConfiguration;
			baseConfigurationReference = 35876E8976F75CB7A0EF7E80 /* Pods-WheatherUITests.debug.xcconfig */;
			buildSettings = {
				ALWAYS_EMBED_SWIFT_STANDARD_LIBRARIES = YES;
				CODE_SIGN_STYLE = Automatic;
				DEVELOPMENT_TEAM = 35LE49ZEHY;
				INFOPLIST_FILE = WheatherUITests/Info.plist;
				LD_RUNPATH_SEARCH_PATHS = (
					"$(inherited)",
					"@executable_path/Frameworks",
					"@loader_path/Frameworks",
				);
				PRODUCT_BUNDLE_IDENTIFIER = "-1Street.WheatherUITests";
				PRODUCT_NAME = "$(TARGET_NAME)";
				SWIFT_VERSION = 5.0;
				TARGETED_DEVICE_FAMILY = "1,2";
				TEST_TARGET_NAME = Wheather;
			};
			name = Debug;
		};
		840C0F1E22B135ED004F8CA5 /* Release */ = {
			isa = XCBuildConfiguration;
			baseConfigurationReference = B8232DF85B41520B58F1E2DB /* Pods-WheatherUITests.release.xcconfig */;
			buildSettings = {
				ALWAYS_EMBED_SWIFT_STANDARD_LIBRARIES = YES;
				CODE_SIGN_STYLE = Automatic;
				DEVELOPMENT_TEAM = 35LE49ZEHY;
				INFOPLIST_FILE = WheatherUITests/Info.plist;
				LD_RUNPATH_SEARCH_PATHS = (
					"$(inherited)",
					"@executable_path/Frameworks",
					"@loader_path/Frameworks",
				);
				PRODUCT_BUNDLE_IDENTIFIER = "-1Street.WheatherUITests";
				PRODUCT_NAME = "$(TARGET_NAME)";
				SWIFT_VERSION = 5.0;
				TARGETED_DEVICE_FAMILY = "1,2";
				TEST_TARGET_NAME = Wheather;
			};
			name = Release;
		};
/* End XCBuildConfiguration section */

/* Begin XCConfigurationList section */
		840C0EE622B135EC004F8CA5 /* Build configuration list for PBXProject "Wheather" */ = {
			isa = XCConfigurationList;
			buildConfigurations = (
				840C0F1422B135ED004F8CA5 /* Debug */,
				840C0F1522B135ED004F8CA5 /* Release */,
			);
			defaultConfigurationIsVisible = 0;
			defaultConfigurationName = Release;
		};
		840C0F1622B135ED004F8CA5 /* Build configuration list for PBXNativeTarget "Wheather" */ = {
			isa = XCConfigurationList;
			buildConfigurations = (
				840C0F1722B135ED004F8CA5 /* Debug */,
				840C0F1822B135ED004F8CA5 /* Release */,
			);
			defaultConfigurationIsVisible = 0;
			defaultConfigurationName = Release;
		};
		840C0F1922B135ED004F8CA5 /* Build configuration list for PBXNativeTarget "WheatherTests" */ = {
			isa = XCConfigurationList;
			buildConfigurations = (
				840C0F1A22B135ED004F8CA5 /* Debug */,
				840C0F1B22B135ED004F8CA5 /* Release */,
			);
			defaultConfigurationIsVisible = 0;
			defaultConfigurationName = Release;
		};
		840C0F1C22B135ED004F8CA5 /* Build configuration list for PBXNativeTarget "WheatherUITests" */ = {
			isa = XCConfigurationList;
			buildConfigurations = (
				840C0F1D22B135ED004F8CA5 /* Debug */,
				840C0F1E22B135ED004F8CA5 /* Release */,
			);
			defaultConfigurationIsVisible = 0;
			defaultConfigurationName = Release;
		};
/* End XCConfigurationList section */

/* Begin XCVersionGroup section */
		840C0EF522B135EC004F8CA5 /* Wheather.xcdatamodeld */ = {
			isa = XCVersionGroup;
			children = (
				840C0EF622B135EC004F8CA5 /* Wheather.xcdatamodel */,
			);
			currentVersion = 840C0EF622B135EC004F8CA5 /* Wheather.xcdatamodel */;
			path = Wheather.xcdatamodeld;
			sourceTree = "<group>";
			versionGroupType = wrapper.xcdatamodel;
		};
/* End XCVersionGroup section */
	};
	rootObject = 840C0EE322B135EC004F8CA5 /* Project object */;
}
