// !$*UTF8*$!
{
	archiveVersion = 1;
	classes = {
	};
	objectVersion = 51;
	objects = {

/* Begin PBXBuildFile section */
		0B245441C9A933919B6CAAA0 /* Pods_Wheather.framework in Frameworks */ = {isa = PBXBuildFile; fileRef = 622FBF1E00FD7B3F77FA3137 /* Pods_Wheather.framework */; };
		4EF686D25DE40C7F6477CD26 /* Pods_WheatherTests.framework in Frameworks */ = {isa = PBXBuildFile; fileRef = F0CFB2FC4AE375E6EA66AD4F /* Pods_WheatherTests.framework */; };
		840C0EEF22B135EC004F8CA5 /* AppDelegate.swift in Sources */ = {isa = PBXBuildFile; fileRef = 840C0EEE22B135EC004F8CA5 /* AppDelegate.swift */; };
		840C0EF122B135EC004F8CA5 /* ViewController.swift in Sources */ = {isa = PBXBuildFile; fileRef = 840C0EF022B135EC004F8CA5 /* ViewController.swift */; };
		840C0EF422B135EC004F8CA5 /* Main.storyboard in Resources */ = {isa = PBXBuildFile; fileRef = 840C0EF222B135EC004F8CA5 /* Main.storyboard */; };
		840C0EF722B135EC004F8CA5 /* Wheather.xcdatamodeld in Sources */ = {isa = PBXBuildFile; fileRef = 840C0EF522B135EC004F8CA5 /* Wheather.xcdatamodeld */; };
		840C0EF922B135ED004F8CA5 /* Assets.xcassets in Resources */ = {isa = PBXBuildFile; fileRef = 840C0EF822B135ED004F8CA5 /* Assets.xcassets */; };
		840C0EFC22B135ED004F8CA5 /* LaunchScreen.storyboard in Resources */ = {isa = PBXBuildFile; fileRef = 840C0EFA22B135ED004F8CA5 /* LaunchScreen.storyboard */; };
		840C0F0722B135ED004F8CA5 /* WheatherTests.swift in Sources */ = {isa = PBXBuildFile; fileRef = 840C0F0622B135ED004F8CA5 /* WheatherTests.swift */; };
		840C0F1222B135ED004F8CA5 /* WheatherUITests.swift in Sources */ = {isa = PBXBuildFile; fileRef = 840C0F1122B135ED004F8CA5 /* WheatherUITests.swift */; };
		845D9E2322B93BCB00080AE7 /* GoogleService-Info.plist in Resources */ = {isa = PBXBuildFile; fileRef = 845D9E2222B93BCB00080AE7 /* GoogleService-Info.plist */; };
		B18B3648097FD3DDA73351C4 /* Pods_WheatherUITests.framework in Frameworks */ = {isa = PBXBuildFile; fileRef = 17AA350AD3C16A40C13DDB00 /* Pods_WheatherUITests.framework */; };
/* End PBXBuildFile section */

/* Begin PBXContainerItemProxy section */
		840C0F0322B135ED004F8CA5 /* PBXContainerItemProxy */ = {
			isa = PBXContainerItemProxy;
			containerPortal = 840C0EE322B135EC004F8CA5 /* Project object */;
			proxyType = 1;
			remoteGlobalIDString = 840C0EEA22B135EC004F8CA5;
			remoteInfo = Wheather;
		};
		840C0F0E22B135ED004F8CA5 /* PBXContainerItemProxy */ = {
			isa = PBXContainerItemProxy;
			containerPortal = 840C0EE322B135EC004F8CA5 /* Project object */;
			proxyType = 1;
			remoteGlobalIDString = 840C0EEA22B135EC004F8CA5;
			remoteInfo = Wheather;
		};
/* End PBXContainerItemProxy section */

/* Begin PBXFileReference section */
		17AA350AD3C16A40C13DDB00 /* Pods_WheatherUITests.framework */ = {isa = PBXFileReference; explicitFileType = wrapper.framework; includeInIndex = 0; path = Pods_WheatherUITests.framework; sourceTree = BUILT_PRODUCTS_DIR; };
		1EB011C1594EA5E192D20A27 /* Pods-WheatherTests.release.xcconfig */ = {isa = PBXFileReference; includeInIndex = 1; lastKnownFileType = text.xcconfig; name = "Pods-WheatherTests.release.xcconfig"; path = "Target Support Files/Pods-WheatherTests/Pods-WheatherTests.release.xcconfig"; sourceTree = "<group>"; };
		35876E8976F75CB7A0EF7E80 /* Pods-WheatherUITests.debug.xcconfig */ = {isa = PBXFileReference; includeInIndex = 1; lastKnownFileType = text.xcconfig; name = "Pods-WheatherUITests.debug.xcconfig"; path = "Target Support Files/Pods-WheatherUITests/Pods-WheatherUITests.debug.xcconfig"; sourceTree = "<group>"; };
		622FBF1E00FD7B3F77FA3137 /* Pods_Wheather.framework */ = {isa = PBXFileReference; explicitFileType = wrapper.framework; includeInIndex = 0; path = Pods_Wheather.framework; sourceTree = BUILT_PRODUCTS_DIR; };
		840C0EEB22B135EC004F8CA5 /* Wheather.app */ = {isa = PBXFileReference; explicitFileType = wrapper.application; includeInIndex = 0; path = Wheather.app; sourceTree = BUILT_PRODUCTS_DIR; };
		840C0EEE22B135EC004F8CA5 /* AppDelegate.swift */ = {isa = PBXFileReference; lastKnownFileType = sourcecode.swift; path = AppDelegate.swift; sourceTree = "<group>"; };
		840C0EF022B135EC004F8CA5 /* ViewController.swift */ = {isa = PBXFileReference; lastKnownFileType = sourcecode.swift; path = ViewController.swift; sourceTree = "<group>"; };
		840C0EF322B135EC004F8CA5 /* Base */ = {isa = PBXFileReference; lastKnownFileType = file.storyboard; name = Base; path = Base.lproj/Main.storyboard; sourceTree = "<group>"; };
		840C0EF622B135EC004F8CA5 /* Wheather.xcdatamodel */ = {isa = PBXFileReference; lastKnownFileType = wrapper.xcdatamodel; path = Wheather.xcdatamodel; sourceTree = "<group>"; };
		840C0EF822B135ED004F8CA5 /* Assets.xcassets */ = {isa = PBXFileReference; lastKnownFileType = folder.assetcatalog; path = Assets.xcassets; sourceTree = "<group>"; };
		840C0EFB22B135ED004F8CA5 /* Base */ = {isa = PBXFileReference; lastKnownFileType = file.storyboard; name = Base; path = Base.lproj/LaunchScreen.storyboard; sourceTree = "<group>"; };
		840C0EFD22B135ED004F8CA5 /* Info.plist */ = {isa = PBXFileReference; lastKnownFileType = text.plist.xml; path = Info.plist; sourceTree = "<group>"; };
		840C0F0222B135ED004F8CA5 /* WheatherTests.xctest */ = {isa = PBXFileReference; explicitFileType = wrapper.cfbundle; includeInIndex = 0; path = WheatherTests.xctest; sourceTree = BUILT_PRODUCTS_DIR; };
		840C0F0622B135ED004F8CA5 /* WheatherTests.swift */ = {isa = PBXFileReference; lastKnownFileType = sourcecode.swift; path = WheatherTests.swift; sourceTree = "<group>"; };
		840C0F0822B135ED004F8CA5 /* Info.plist */ = {isa = PBXFileReference; lastKnownFileType = text.plist.xml; path = Info.plist; sourceTree = "<group>"; };
		840C0F0D22B135ED004F8CA5 /* WheatherUITests.xctest */ = {isa = PBXFileReference; explicitFileType = wrapper.cfbundle; includeInIndex = 0; path = WheatherUITests.xctest; sourceTree = BUILT_PRODUCTS_DIR; };
		840C0F1122B135ED004F8CA5 /* WheatherUITests.swift */ = {isa = PBXFileReference; lastKnownFileType = sourcecode.swift; path = WheatherUITests.swift; sourceTree = "<group>"; };
		840C0F1322B135ED004F8CA5 /* Info.plist */ = {isa = PBXFileReference; lastKnownFileType = text.plist.xml; path = Info.plist; sourceTree = "<group>"; };
		845D9E2222B93BCB00080AE7 /* GoogleService-Info.plist */ = {isa = PBXFileReference; fileEncoding = 4; lastKnownFileType = text.plist.xml; path = "GoogleService-Info.plist"; sourceTree = "<group>"; };
		9980722C0EE34947DD168B4C /* Pods-Wheather.debug.xcconfig */ = {isa = PBXFileReference; includeInIndex = 1; lastKnownFileType = text.xcconfig; name = "Pods-Wheather.debug.xcconfig"; path = "Target Support Files/Pods-Wheather/Pods-Wheather.debug.xcconfig"; sourceTree = "<group>"; };
		B8232DF85B41520B58F1E2DB /* Pods-WheatherUITests.release.xcconfig */ = {isa = PBXFileReference; includeInIndex = 1; lastKnownFileType = text.xcconfig; name = "Pods-WheatherUITests.release.xcconfig"; path = "Target Support Files/Pods-WheatherUITests/Pods-WheatherUITests.release.xcconfig"; sourceTree = "<group>"; };
		E2644577E69E38670CD7C8C2 /* Pods-Wheather.release.xcconfig */ = {isa = PBXFileReference; includeInIndex = 1; lastKnownFileType = text.xcconfig; name = "Pods-Wheather.release.xcconfig"; path = "Target Support Files/Pods-Wheather/Pods-Wheather.release.xcconfig"; sourceTree = "<group>"; };
		F0CFB2FC4AE375E6EA66AD4F /* Pods_WheatherTests.framework */ = {isa = PBXFileReference; explicitFileType = wrapper.framework; includeInIndex = 0; path = Pods_WheatherTests.framework; sourceTree = BUILT_PRODUCTS_DIR; };
		F8A03B3476F159394A447B4E /* Pods-WheatherTests.debug.xcconfig */ = {isa = PBXFileReference; includeInIndex = 1; lastKnownFileType = text.xcconfig; name = "Pods-WheatherTests.debug.xcconfig"; path = "Target Support Files/Pods-WheatherTests/Pods-WheatherTests.debug.xcconfig"; sourceTree = "<group>"; };
/* End PBXFileReference section */

/* Begin PBXFrameworksBuildPhase section */
		840C0EE822B135EC004F8CA5 /* Frameworks */ = {
			isa = PBXFrameworksBuildPhase;
			buildActionMask = 2147483647;
			files = (
				0B245441C9A933919B6CAAA0 /* Pods_Wheather.framework in Frameworks */,
			);
			runOnlyForDeploymentPostprocessing = 0;
		};
		840C0EFF22B135ED004F8CA5 /* Frameworks */ = {
			isa = PBXFrameworksBuildPhase;
			buildActionMask = 2147483647;
			files = (
				4EF686D25DE40C7F6477CD26 /* Pods_WheatherTests.framework in Frameworks */,
			);
			runOnlyForDeploymentPostprocessing = 0;
		};
		840C0F0A22B135ED004F8CA5 /* Frameworks */ = {
			isa = PBXFrameworksBuildPhase;
			buildActionMask = 2147483647;
			files = (
				B18B3648097FD3DDA73351C4 /* Pods_WheatherUITests.framework in Frameworks */,
			);
			runOnlyForDeploymentPostprocessing = 0;
		};
/* End PBXFrameworksBuildPhase section */

/* Begin PBXGroup section */
		840C0EE222B135EC004F8CA5 = {
			isa = PBXGroup;
			children = (
				840C0EED22B135EC004F8CA5 /* Wheather */,
				840C0F0522B135ED004F8CA5 /* WheatherTests */,
				840C0F1022B135ED004F8CA5 /* WheatherUITests */,
				840C0EEC22B135EC004F8CA5 /* Products */,
				96D01AA997E33EDC61EF4C60 /* Pods */,
				FD73DE91DB4BC3E815D6D5FD /* Frameworks */,
			);
			sourceTree = "<group>";
		};
		840C0EEC22B135EC004F8CA5 /* Products */ = {
			isa = PBXGroup;
			children = (
				840C0EEB22B135EC004F8CA5 /* Wheather.app */,
				840C0F0222B135ED004F8CA5 /* WheatherTests.xctest */,
				840C0F0D22B135ED004F8CA5 /* WheatherUITests.xctest */,
			);
			name = Products;
			sourceTree = "<group>";
		};
		840C0EED22B135EC004F8CA5 /* Wheather */ = {
			isa = PBXGroup;
			children = (
				840C0EEE22B135EC004F8CA5 /* AppDelegate.swift */,
				840C0EF022B135EC004F8CA5 /* ViewController.swift */,
				840C0EF222B135EC004F8CA5 /* Main.storyboard */,
				840C0EF822B135ED004F8CA5 /* Assets.xcassets */,
				840C0EFA22B135ED004F8CA5 /* LaunchScreen.storyboard */,
				840C0EFD22B135ED004F8CA5 /* Info.plist */,
				845D9E2222B93BCB00080AE7 /* GoogleService-Info.plist */,
				840C0EF522B135EC004F8CA5 /* Wheather.xcdatamodeld */,
			);
			path = Wheather;
			sourceTree = "<group>";
		};
		840C0F0522B135ED004F8CA5 /* WheatherTests */ = {
			isa = PBXGroup;
			children = (
				840C0F0622B135ED004F8CA5 /* WheatherTests.swift */,
				840C0F0822B135ED004F8CA5 /* Info.plist */,
			);
			path = WheatherTests;
			sourceTree = "<group>";
		};
		840C0F1022B135ED004F8CA5 /* WheatherUITests */ = {
			isa = PBXGroup;
			children = (
				840C0F1122B135ED004F8CA5 /* WheatherUITests.swift */,
				840C0F1322B135ED004F8CA5 /* Info.plist */,
			);
			path = WheatherUITests;
			sourceTree = "<group>";
		};
		96D01AA997E33EDC61EF4C60 /* Pods */ = {
			isa = PBXGroup;
			children = (
				9980722C0EE34947DD168B4C /* Pods-Wheather.debug.xcconfig */,
				E2644577E69E38670CD7C8C2 /* Pods-Wheather.release.xcconfig */,
				F8A03B3476F159394A447B4E /* Pods-WheatherTests.debug.xcconfig */,
				1EB011C1594EA5E192D20A27 /* Pods-WheatherTests.release.xcconfig */,
				35876E8976F75CB7A0EF7E80 /* Pods-WheatherUITests.debug.xcconfig */,
				B8232DF85B41520B58F1E2DB /* Pods-WheatherUITests.release.xcconfig */,
			);
			path = Pods;
			sourceTree = "<group>";
		};
		FD73DE91DB4BC3E815D6D5FD /* Frameworks */ = {
			isa = PBXGroup;
			children = (
				622FBF1E00FD7B3F77FA3137 /* Pods_Wheather.framework */,
				F0CFB2FC4AE375E6EA66AD4F /* Pods_WheatherTests.framework */,
				17AA350AD3C16A40C13DDB00 /* Pods_WheatherUITests.framework */,
			);
			name = Frameworks;
			sourceTree = "<group>";
		};
/* End PBXGroup section */

/* Begin PBXNativeTarget section */
		840C0EEA22B135EC004F8CA5 /* Wheather */ = {
			isa = PBXNativeTarget;
			buildConfigurationList = 840C0F1622B135ED004F8CA5 /* Build configuration list for PBXNativeTarget "Wheather" */;
			buildPhases = (
				AF2ADF12D0D7432B65AE5FC0 /* [CP] Check Pods Manifest.lock */,
				840C0EE722B135EC004F8CA5 /* Sources */,
				840C0EE822B135EC004F8CA5 /* Frameworks */,
				840C0EE922B135EC004F8CA5 /* Resources */,
				2B672195240288AA8E568320 /* [CP] Embed Pods Frameworks */,
			);
			buildRules = (
			);
			dependencies = (
			);
			name = Wheather;
			productName = Wheather;
			productReference = 840C0EEB22B135EC004F8CA5 /* Wheather.app */;
			productType = "com.apple.product-type.application";
		};
		840C0F0122B135ED004F8CA5 /* WheatherTests */ = {
			isa = PBXNativeTarget;
			buildConfigurationList = 840C0F1922B135ED004F8CA5 /* Build configuration list for PBXNativeTarget "WheatherTests" */;
			buildPhases = (
				D58EAC593CDF9E92386EE80E /* [CP] Check Pods Manifest.lock */,
				840C0EFE22B135ED004F8CA5 /* Sources */,
				840C0EFF22B135ED004F8CA5 /* Frameworks */,
				840C0F0022B135ED004F8CA5 /* Resources */,
			);
			buildRules = (
			);
			dependencies = (
				840C0F0422B135ED004F8CA5 /* PBXTargetDependency */,
			);
			name = WheatherTests;
			productName = WheatherTests;
			productReference = 840C0F0222B135ED004F8CA5 /* WheatherTests.xctest */;
			productType = "com.apple.product-type.bundle.unit-test";
		};
		840C0F0C22B135ED004F8CA5 /* WheatherUITests */ = {
			isa = PBXNativeTarget;
			buildConfigurationList = 840C0F1C22B135ED004F8CA5 /* Build configuration list for PBXNativeTarget "WheatherUITests" */;
			buildPhases = (
				EA09448A61D243C412DC1F94 /* [CP] Check Pods Manifest.lock */,
				840C0F0922B135ED004F8CA5 /* Sources */,
				840C0F0A22B135ED004F8CA5 /* Frameworks */,
				840C0F0B22B135ED004F8CA5 /* Resources */,
			);
			buildRules = (
			);
			dependencies = (
				840C0F0F22B135ED004F8CA5 /* PBXTargetDependency */,
			);
			name = WheatherUITests;
			productName = WheatherUITests;
			productReference = 840C0F0D22B135ED004F8CA5 /* WheatherUITests.xctest */;
			productType = "com.apple.product-type.bundle.ui-testing";
		};
/* End PBXNativeTarget section */

/* Begin PBXProject section */
		840C0EE322B135EC004F8CA5 /* Project object */ = {
			isa = PBXProject;
			attributes = {
				LastSwiftUpdateCheck = 1020;
				LastUpgradeCheck = 1020;
				ORGANIZATIONNAME = 11Street;
				TargetAttributes = {
					840C0EEA22B135EC004F8CA5 = {
						CreatedOnToolsVersion = 10.2.1;
					};
					840C0F0122B135ED004F8CA5 = {
						CreatedOnToolsVersion = 10.2.1;
						TestTargetID = 840C0EEA22B135EC004F8CA5;
					};
					840C0F0C22B135ED004F8CA5 = {
						CreatedOnToolsVersion = 10.2.1;
						TestTargetID = 840C0EEA22B135EC004F8CA5;
					};
				};
			};
			buildConfigurationList = 840C0EE622B135EC004F8CA5 /* Build configuration list for PBXProject "Wheather" */;
			compatibilityVersion = "Xcode 9.3";
			developmentRegion = en;
			hasScannedForEncodings = 0;
			knownRegions = (
				en,
				Base,
			);
			mainGroup = 840C0EE222B135EC004F8CA5;
			productRefGroup = 840C0EEC22B135EC004F8CA5 /* Products */;
			projectDirPath = "";
			projectRoot = "";
			targets = (
				840C0EEA22B135EC004F8CA5 /* Wheather */,
				840C0F0122B135ED004F8CA5 /* WheatherTests */,
				840C0F0C22B135ED004F8CA5 /* WheatherUITests */,
			);
		};
/* End PBXProject section */

/* Begin PBXResourcesBuildPhase section */
		840C0EE922B135EC004F8CA5 /* Resources */ = {
			isa = PBXResourcesBuildPhase;
			buildActionMask = 2147483647;
			files = (
				840C0EFC22B135ED004F8CA5 /* LaunchScreen.storyboard in Resources */,
				845D9E2322B93BCB00080AE7 /* GoogleService-Info.plist in Resources */,
				840C0EF922B135ED004F8CA5 /* Assets.xcassets in Resources */,
				840C0EF422B135EC004F8CA5 /* Main.storyboard in Resources */,
			);
			runOnlyForDeploymentPostprocessing = 0;
		};
		840C0F0022B135ED004F8CA5 /* Resources */ = {
			isa = PBXResourcesBuildPhase;
			buildActionMask = 2147483647;
			files = (
			);
			runOnlyForDeploymentPostprocessing = 0;
		};
		840C0F0B22B135ED004F8CA5 /* Resources */ = {
			isa = PBXResourcesBuildPhase;
			buildActionMask = 2147483647;
			files = (
			);
			runOnlyForDeploymentPostprocessing = 0;
		};
/* End PBXResourcesBuildPhase section */

/* Begin PBXShellScriptBuildPhase section */
		2B672195240288AA8E568320 /* [CP] Embed Pods Frameworks */ = {
			isa = PBXShellScriptBuildPhase;
			buildActionMask = 2147483647;
			files = (
			);
			inputFileListPaths = (
				"${PODS_ROOT}/Target Support Files/Pods-Wheather/Pods-Wheather-frameworks-${CONFIGURATION}-input-files.xcfilelist",
			);
			name = "[CP] Embed Pods Frameworks";
			outputFileListPaths = (
				"${PODS_ROOT}/Target Support Files/Pods-Wheather/Pods-Wheather-frameworks-${CONFIGURATION}-output-files.xcfilelist",
			);
			runOnlyForDeploymentPostprocessing = 0;
			shellPath = /bin/sh;
			shellScript = "\"${PODS_ROOT}/Target Support Files/Pods-Wheather/Pods-Wheather-frameworks.sh\"\n";
			showEnvVarsInLog = 0;
		};
		AF2ADF12D0D7432B65AE5FC0 /* [CP] Check Pods Manifest.lock */ = {
			isa = PBXShellScriptBuildPhase;
			buildActionMask = 2147483647;
			files = (
			);
			inputFileListPaths = (
			);
			inputPaths = (
				"${PODS_PODFILE_DIR_PATH}/Podfile.lock",
				"${PODS_ROOT}/Manifest.lock",
			);
			name = "[CP] Check Pods Manifest.lock";
			outputFileListPaths = (
			);
			outputPaths = (
				"$(DERIVED_FILE_DIR)/Pods-Wheather-checkManifestLockResult.txt",
			);
			runOnlyForDeploymentPostprocessing = 0;
			shellPath = /bin/sh;
			shellScript = "diff \"${PODS_PODFILE_DIR_PATH}/Podfile.lock\" \"${PODS_ROOT}/Manifest.lock\" > /dev/null\nif [ $? != 0 ] ; then\n    # print error to STDERR\n    echo \"error: The sandbox is not in sync with the Podfile.lock. Run 'pod install' or update your CocoaPods installation.\" >&2\n    exit 1\nfi\n# This output is used by Xcode 'outputs' to avoid re-running this script phase.\necho \"SUCCESS\" > \"${SCRIPT_OUTPUT_FILE_0}\"\n";
			showEnvVarsInLog = 0;
		};
		D58EAC593CDF9E92386EE80E /* [CP] Check Pods Manifest.lock */ = {
			isa = PBXShellScriptBuildPhase;
			buildActionMask = 2147483647;
			files = (
			);
			inputFileListPaths = (
			);
			inputPaths = (
				"${PODS_PODFILE_DIR_PATH}/Podfile.lock",
				"${PODS_ROOT}/Manifest.lock",
			);
			name = "[CP] Check Pods Manifest.lock";
			outputFileListPaths = (
			);
			outputPaths = (
				"$(DERIVED_FILE_DIR)/Pods-WheatherTests-checkManifestLockResult.txt",
			);
			runOnlyForDeploymentPostprocessing = 0;
			shellPath = /bin/sh;
			shellScript = "diff \"${PODS_PODFILE_DIR_PATH}/Podfile.lock\" \"${PODS_ROOT}/Manifest.lock\" > /dev/null\nif [ $? != 0 ] ; then\n    # print error to STDERR\n    echo \"error: The sandbox is not in sync with the Podfile.lock. Run 'pod install' or update your CocoaPods installation.\" >&2\n    exit 1\nfi\n# This output is used by Xcode 'outputs' to avoid re-running this script phase.\necho \"SUCCESS\" > \"${SCRIPT_OUTPUT_FILE_0}\"\n";
			showEnvVarsInLog = 0;
		};
		EA09448A61D243C412DC1F94 /* [CP] Check Pods Manifest.lock */ = {
			isa = PBXShellScriptBuildPhase;
			buildActionMask = 2147483647;
			files = (
			);
			inputFileListPaths = (
			);
			inputPaths = (
				"${PODS_PODFILE_DIR_PATH}/Podfile.lock",
				"${PODS_ROOT}/Manifest.lock",
			);
			name = "[CP] Check Pods Manifest.lock";
			outputFileListPaths = (
			);
			outputPaths = (
				"$(DERIVED_FILE_DIR)/Pods-WheatherUITests-checkManifestLockResult.txt",
			);
			runOnlyForDeploymentPostprocessing = 0;
			shellPath = /bin/sh;
			shellScript = "diff \"${PODS_PODFILE_DIR_PATH}/Podfile.lock\" \"${PODS_ROOT}/Manifest.lock\" > /dev/null\nif [ $? != 0 ] ; then\n    # print error to STDERR\n    echo \"error: The sandbox is not in sync with the Podfile.lock. Run 'pod install' or update your CocoaPods installation.\" >&2\n    exit 1\nfi\n# This output is used by Xcode 'outputs' to avoid re-running this script phase.\necho \"SUCCESS\" > \"${SCRIPT_OUTPUT_FILE_0}\"\n";
			showEnvVarsInLog = 0;
		};
/* End PBXShellScriptBuildPhase section */

/* Begin PBXSourcesBuildPhase section */
		840C0EE722B135EC004F8CA5 /* Sources */ = {
			isa = PBXSourcesBuildPhase;
			buildActionMask = 2147483647;
			files = (
				840C0EF122B135EC004F8CA5 /* ViewController.swift in Sources */,
				840C0EEF22B135EC004F8CA5 /* AppDelegate.swift in Sources */,
				840C0EF722B135EC004F8CA5 /* Wheather.xcdatamodeld in Sources */,
			);
			runOnlyForDeploymentPostprocessing = 0;
		};
		840C0EFE22B135ED004F8CA5 /* Sources */ = {
			isa = PBXSourcesBuildPhase;
			buildActionMask = 2147483647;
			files = (
				840C0F0722B135ED004F8CA5 /* WheatherTests.swift in Sources */,
			);
			runOnlyForDeploymentPostprocessing = 0;
		};
		840C0F0922B135ED004F8CA5 /* Sources */ = {
			isa = PBXSourcesBuildPhase;
			buildActionMask = 2147483647;
			files = (
				840C0F1222B135ED004F8CA5 /* WheatherUITests.swift in Sources */,
			);
			runOnlyForDeploymentPostprocessing = 0;
		};
/* End PBXSourcesBuildPhase section */

/* Begin PBXTargetDependency section */
		840C0F0422B135ED004F8CA5 /* PBXTargetDependency */ = {
			isa = PBXTargetDependency;
			target = 840C0EEA22B135EC004F8CA5 /* Wheather */;
			targetProxy = 840C0F0322B135ED004F8CA5 /* PBXContainerItemProxy */;
		};
		840C0F0F22B135ED004F8CA5 /* PBXTargetDependency */ = {
			isa = PBXTargetDependency;
			target = 840C0EEA22B135EC004F8CA5 /* Wheather */;
			targetProxy = 840C0F0E22B135ED004F8CA5 /* PBXContainerItemProxy */;
		};
/* End PBXTargetDependency section */

/* Begin PBXVariantGroup section */
		840C0EF222B135EC004F8CA5 /* Main.storyboard */ = {
			isa = PBXVariantGroup;
			children = (
				840C0EF322B135EC004F8CA5 /* Base */,
			);
			name = Main.storyboard;
			sourceTree = "<group>";
		};
		840C0EFA22B135ED004F8CA5 /* LaunchScreen.storyboard */ = {
			isa = PBXVariantGroup;
			children = (
				840C0EFB22B135ED004F8CA5 /* Base */,
			);
			name = LaunchScreen.storyboard;
			sourceTree = "<group>";
		};
/* End PBXVariantGroup section */

/* Begin XCBuildConfiguration section */
		840C0F1422B135ED004F8CA5 /* Debug */ = {
			isa = XCBuildConfiguration;
			buildSettings = {
				ALWAYS_SEARCH_USER_PATHS = NO;
				CLANG_ANALYZER_NONNULL = YES;
				CLANG_ANALYZER_NUMBER_OBJECT_CONVERSION = YES_AGGRESSIVE;
				CLANG_CXX_LANGUAGE_STANDARD = "gnu++14";
				CLANG_CXX_LIBRARY = "libc++";
				CLANG_ENABLE_MODULES = YES;
				CLANG_ENABLE_OBJC_ARC = YES;
				CLANG_ENABLE_OBJC_WEAK = YES;
				CLANG_WARN_BLOCK_CAPTURE_AUTORELEASING = YES;
				CLANG_WARN_BOOL_CONVERSION = YES;
				CLANG_WARN_COMMA = YES;
				CLANG_WARN_CONSTANT_CONVERSION = YES;
				CLANG_WARN_DEPRECATED_OBJC_IMPLEMENTATIONS = YES;
				CLANG_WARN_DIRECT_OBJC_ISA_USAGE = YES_ERROR;
				CLANG_WARN_DOCUMENTATION_COMMENTS = YES;
				CLANG_WARN_EMPTY_BODY = YES;
				CLANG_WARN_ENUM_CONVERSION = YES;
				CLANG_WARN_INFINITE_RECURSION = YES;
				CLANG_WARN_INT_CONVERSION = YES;
				CLANG_WARN_NON_LITERAL_NULL_CONVERSION = YES;
				CLANG_WARN_OBJC_IMPLICIT_RETAIN_SELF = YES;
				CLANG_WARN_OBJC_LITERAL_CONVERSION = YES;
				CLANG_WARN_OBJC_ROOT_CLASS = YES_ERROR;
				CLANG_WARN_RANGE_LOOP_ANALYSIS = YES;
				CLANG_WARN_STRICT_PROTOTYPES = YES;
				CLANG_WARN_SUSPICIOUS_MOVE = YES;
				CLANG_WARN_UNGUARDED_AVAILABILITY = YES_AGGRESSIVE;
				CLANG_WARN_UNREACHABLE_CODE = YES;
				CLANG_WARN__DUPLICATE_METHOD_MATCH = YES;
				CODE_SIGN_IDENTITY = "iPhone Developer";
				COPY_PHASE_STRIP = NO;
				DEBUG_INFORMATION_FORMAT = dwarf;
				ENABLE_STRICT_OBJC_MSGSEND = YES;
				ENABLE_TESTABILITY = YES;
				GCC_C_LANGUAGE_STANDARD = gnu11;
				GCC_DYNAMIC_NO_PIC = NO;
				GCC_NO_COMMON_BLOCKS = YES;
				GCC_OPTIMIZATION_LEVEL = 0;
				GCC_PREPROCESSOR_DEFINITIONS = (
					"DEBUG=1",
					"$(inherited)",
				);
				GCC_WARN_64_TO_32_BIT_CONVERSION = YES;
				GCC_WARN_ABOUT_RETURN_TYPE = YES_ERROR;
				GCC_WARN_UNDECLARED_SELECTOR = YES;
				GCC_WARN_UNINITIALIZED_AUTOS = YES_AGGRESSIVE;
				GCC_WARN_UNUSED_FUNCTION = YES;
				GCC_WARN_UNUSED_VARIABLE = YES;
				IPHONEOS_DEPLOYMENT_TARGET = 12.2;
				MTL_ENABLE_DEBUG_INFO = INCLUDE_SOURCE;
				MTL_FAST_MATH = YES;
				ONLY_ACTIVE_ARCH = YES;
				SDKROOT = iphoneos;
				SWIFT_ACTIVE_COMPILATION_CONDITIONS = DEBUG;
				SWIFT_OPTIMIZATION_LEVEL = "-Onone";
			};
			name = Debug;
		};
		840C0F1522B135ED004F8CA5 /* Release */ = {
			isa = XCBuildConfiguration;
			buildSettings = {
				ALWAYS_SEARCH_USER_PATHS = NO;
				CLANG_ANALYZER_NONNULL = YES;
				CLANG_ANALYZER_NUMBER_OBJECT_CONVERSION = YES_AGGRESSIVE;
				CLANG_CXX_LANGUAGE_STANDARD = "gnu++14";
				CLANG_CXX_LIBRARY = "libc++";
				CLANG_ENABLE_MODULES = YES;
				CLANG_ENABLE_OBJC_ARC = YES;
				CLANG_ENABLE_OBJC_WEAK = YES;
				CLANG_WARN_BLOCK_CAPTURE_AUTORELEASING = YES;
				CLANG_WARN_BOOL_CONVERSION = YES;
				CLANG_WARN_COMMA = YES;
				CLANG_WARN_CONSTANT_CONVERSION = YES;
				CLANG_WARN_DEPRECATED_OBJC_IMPLEMENTATIONS = YES;
				CLANG_WARN_DIRECT_OBJC_ISA_USAGE = YES_ERROR;
				CLANG_WARN_DOCUMENTATION_COMMENTS = YES;
				CLANG_WARN_EMPTY_BODY = YES;
				CLANG_WARN_ENUM_CONVERSION = YES;
				CLANG_WARN_INFINITE_RECURSION = YES;
				CLANG_WARN_INT_CONVERSION = YES;
				CLANG_WARN_NON_LITERAL_NULL_CONVERSION = YES;
				CLANG_WARN_OBJC_IMPLICIT_RETAIN_SELF = YES;
				CLANG_WARN_OBJC_LITERAL_CONVERSION = YES;
				CLANG_WARN_OBJC_ROOT_CLASS = YES_ERROR;
				CLANG_WARN_RANGE_LOOP_ANALYSIS = YES;
				CLANG_WARN_STRICT_PROTOTYPES = YES;
				CLANG_WARN_SUSPICIOUS_MOVE = YES;
				CLANG_WARN_UNGUARDED_AVAILABILITY = YES_AGGRESSIVE;
				CLANG_WARN_UNREACHABLE_CODE = YES;
				CLANG_WARN__DUPLICATE_METHOD_MATCH = YES;
				CODE_SIGN_IDENTITY = "iPhone Developer";
				COPY_PHASE_STRIP = NO;
				DEBUG_INFORMATION_FORMAT = "dwarf-with-dsym";
				ENABLE_NS_ASSERTIONS = NO;
				ENABLE_STRICT_OBJC_MSGSEND = YES;
				GCC_C_LANGUAGE_STANDARD = gnu11;
				GCC_NO_COMMON_BLOCKS = YES;
				GCC_WARN_64_TO_32_BIT_CONVERSION = YES;
				GCC_WARN_ABOUT_RETURN_TYPE = YES_ERROR;
				GCC_WARN_UNDECLARED_SELECTOR = YES;
				GCC_WARN_UNINITIALIZED_AUTOS = YES_AGGRESSIVE;
				GCC_WARN_UNUSED_FUNCTION = YES;
				GCC_WARN_UNUSED_VARIABLE = YES;
				IPHONEOS_DEPLOYMENT_TARGET = 12.2;
				MTL_ENABLE_DEBUG_INFO = NO;
				MTL_FAST_MATH = YES;
				SDKROOT = iphoneos;
				SWIFT_COMPILATION_MODE = wholemodule;
				SWIFT_OPTIMIZATION_LEVEL = "-O";
				VALIDATE_PRODUCT = YES;
			};
			name = Release;
		};
		840C0F1722B135ED004F8CA5 /* Debug */ = {
			isa = XCBuildConfiguration;
			baseConfigurationReference = 9980722C0EE34947DD168B4C /* Pods-Wheather.debug.xcconfig */;
			buildSettings = {
				ASSETCATALOG_COMPILER_APPICON_NAME = AppIcon;
				CODE_SIGN_STYLE = Automatic;
				DEVELOPMENT_TEAM = 35LE49ZEHY;
				INFOPLIST_FILE = Wheather/Info.plist;
				LD_RUNPATH_SEARCH_PATHS = (
					"$(inherited)",
					"@executable_path/Frameworks",
				);
				PRODUCT_BUNDLE_IDENTIFIER = com.11Street.Wheather;
				PRODUCT_NAME = "$(TARGET_NAME)";
				SWIFT_VERSION = 5.0;
				TARGETED_DEVICE_FAMILY = "1,2";
			};
			name = Debug;
		};
		840C0F1822B135ED004F8CA5 /* Release */ = {
			isa = XCBuildConfiguration;
			baseConfigurationReference = E2644577E69E38670CD7C8C2 /* Pods-Wheather.release.xcconfig */;
			buildSettings = {
				ASSETCATALOG_COMPILER_APPICON_NAME = AppIcon;
				CODE_SIGN_STYLE = Automatic;
				DEVELOPMENT_TEAM = 35LE49ZEHY;
				INFOPLIST_FILE = Wheather/Info.plist;
				LD_RUNPATH_SEARCH_PATHS = (
					"$(inherited)",
					"@executable_path/Frameworks",
				);
				PRODUCT_BUNDLE_IDENTIFIER = com.11Street.Wheather;
				PRODUCT_NAME = "$(TARGET_NAME)";
				SWIFT_VERSION = 5.0;
				TARGETED_DEVICE_FAMILY = "1,2";
			};
			name = Release;
		};
		840C0F1A22B135ED004F8CA5 /* Debug */ = {
			isa = XCBuildConfiguration;
			baseConfigurationReference = F8A03B3476F159394A447B4E /* Pods-WheatherTests.debug.xcconfig */;
			buildSettings = {
				ALWAYS_EMBED_SWIFT_STANDARD_LIBRARIES = YES;
				BUNDLE_LOADER = "$(TEST_HOST)";
				CODE_SIGN_STYLE = Automatic;
				DEVELOPMENT_TEAM = 35LE49ZEHY;
				INFOPLIST_FILE = WheatherTests/Info.plist;
				LD_RUNPATH_SEARCH_PATHS = (
					"$(inherited)",
					"@executable_path/Frameworks",
					"@loader_path/Frameworks",
				);
				PRODUCT_BUNDLE_IDENTIFIER = "-1Street.WheatherTests";
				PRODUCT_NAME = "$(TARGET_NAME)";
				SWIFT_VERSION = 5.0;
				TARGETED_DEVICE_FAMILY = "1,2";
				TEST_HOST = "$(BUILT_PRODUCTS_DIR)/Wheather.app/Wheather";
			};
			name = Debug;
		};
		840C0F1B22B135ED004F8CA5 /* Release */ = {
			isa = XCBuildConfiguration;
			baseConfigurationReference = 1EB011C1594EA5E192D20A27 /* Pods-WheatherTests.release.xcconfig */;
			buildSettings = {
				ALWAYS_EMBED_SWIFT_STANDARD_LIBRARIES = YES;
				BUNDLE_LOADER = "$(TEST_HOST)";
				CODE_SIGN_STYLE = Automatic;
				DEVELOPMENT_TEAM = 35LE49ZEHY;
				INFOPLIST_FILE = WheatherTests/Info.plist;
				LD_RUNPATH_SEARCH_PATHS = (
					"$(inherited)",
					"@executable_path/Frameworks",
					"@loader_path/Frameworks",
				);
				PRODUCT_BUNDLE_IDENTIFIER = "-1Street.WheatherTests";
				PRODUCT_NAME = "$(TARGET_NAME)";
				SWIFT_VERSION = 5.0;
				TARGETED_DEVICE_FAMILY = "1,2";
				TEST_HOST = "$(BUILT_PRODUCTS_DIR)/Wheather.app/Wheather";
			};
			name = Release;
		};
		840C0F1D22B135ED004F8CA5 /* Debug */ = {
			isa = XCBuildConfiguration;
			baseConfigurationReference = 35876E8976F75CB7A0EF7E80 /* Pods-WheatherUITests.debug.xcconfig */;
			buildSettings = {
				ALWAYS_EMBED_SWIFT_STANDARD_LIBRARIES = YES;
				CODE_SIGN_STYLE = Automatic;
				DEVELOPMENT_TEAM = 35LE49ZEHY;
				INFOPLIST_FILE = WheatherUITests/Info.plist;
				LD_RUNPATH_SEARCH_PATHS = (
					"$(inherited)",
					"@executable_path/Frameworks",
					"@loader_path/Frameworks",
				);
				PRODUCT_BUNDLE_IDENTIFIER = "-1Street.WheatherUITests";
				PRODUCT_NAME = "$(TARGET_NAME)";
				SWIFT_VERSION = 5.0;
				TARGETED_DEVICE_FAMILY = "1,2";
				TEST_TARGET_NAME = Wheather;
			};
			name = Debug;
		};
		840C0F1E22B135ED004F8CA5 /* Release */ = {
			isa = XCBuildConfiguration;
			baseConfigurationReference = B8232DF85B41520B58F1E2DB /* Pods-WheatherUITests.release.xcconfig */;
			buildSettings = {
				ALWAYS_EMBED_SWIFT_STANDARD_LIBRARIES = YES;
				CODE_SIGN_STYLE = Automatic;
				DEVELOPMENT_TEAM = 35LE49ZEHY;
				INFOPLIST_FILE = WheatherUITests/Info.plist;
				LD_RUNPATH_SEARCH_PATHS = (
					"$(inherited)",
					"@executable_path/Frameworks",
					"@loader_path/Frameworks",
				);
				PRODUCT_BUNDLE_IDENTIFIER = "-1Street.WheatherUITests";
				PRODUCT_NAME = "$(TARGET_NAME)";
				SWIFT_VERSION = 5.0;
				TARGETED_DEVICE_FAMILY = "1,2";
				TEST_TARGET_NAME = Wheather;
			};
			name = Release;
		};
/* End XCBuildConfiguration section */

/* Begin XCConfigurationList section */
		840C0EE622B135EC004F8CA5 /* Build configuration list for PBXProject "Wheather" */ = {
			isa = XCConfigurationList;
			buildConfigurations = (
				840C0F1422B135ED004F8CA5 /* Debug */,
				840C0F1522B135ED004F8CA5 /* Release */,
			);
			defaultConfigurationIsVisible = 0;
			defaultConfigurationName = Release;
		};
		840C0F1622B135ED004F8CA5 /* Build configuration list for PBXNativeTarget "Wheather" */ = {
			isa = XCConfigurationList;
			buildConfigurations = (
				840C0F1722B135ED004F8CA5 /* Debug */,
				840C0F1822B135ED004F8CA5 /* Release */,
			);
			defaultConfigurationIsVisible = 0;
			defaultConfigurationName = Release;
		};
		840C0F1922B135ED004F8CA5 /* Build configuration list for PBXNativeTarget "WheatherTests" */ = {
			isa = XCConfigurationList;
			buildConfigurations = (
				840C0F1A22B135ED004F8CA5 /* Debug */,
				840C0F1B22B135ED004F8CA5 /* Release */,
			);
			defaultConfigurationIsVisible = 0;
			defaultConfigurationName = Release;
		};
		840C0F1C22B135ED004F8CA5 /* Build configuration list for PBXNativeTarget "WheatherUITests" */ = {
			isa = XCConfigurationList;
			buildConfigurations = (
				840C0F1D22B135ED004F8CA5 /* Debug */,
				840C0F1E22B135ED004F8CA5 /* Release */,
			);
			defaultConfigurationIsVisible = 0;
			defaultConfigurationName = Release;
		};
/* End XCConfigurationList section */

/* Begin XCVersionGroup section */
		840C0EF522B135EC004F8CA5 /* Wheather.xcdatamodeld */ = {
			isa = XCVersionGroup;
			children = (
				840C0EF622B135EC004F8CA5 /* Wheather.xcdatamodel */,
			);
			currentVersion = 840C0EF622B135EC004F8CA5 /* Wheather.xcdatamodel */;
			path = Wheather.xcdatamodeld;
			sourceTree = "<group>";
			versionGroupType = wrapper.xcdatamodel;
		};
/* End XCVersionGroup section */
	};
	rootObject = 840C0EE322B135EC004F8CA5 /* Project object */;
}
